// !$*UTF8*$!
{
	archiveVersion = 1;
	classes = {
	};
	objectVersion = 50;
	objects = {

/* Begin PBXBuildFile section */
		2911C2AF23A59AB500405306 /* TypefaceExtensions.swift in Sources */ = {isa = PBXBuildFile; fileRef = 2911C2AE23A59AB500405306 /* TypefaceExtensions.swift */; };
		2911C2B023A59AB500405306 /* TypefaceExtensions.swift in Sources */ = {isa = PBXBuildFile; fileRef = 2911C2AE23A59AB500405306 /* TypefaceExtensions.swift */; };
		2911C2B123A59AB500405306 /* TypefaceExtensions.swift in Sources */ = {isa = PBXBuildFile; fileRef = 2911C2AE23A59AB500405306 /* TypefaceExtensions.swift */; };
		2911C2B223A59AB500405306 /* TypefaceExtensions.swift in Sources */ = {isa = PBXBuildFile; fileRef = 2911C2AE23A59AB500405306 /* TypefaceExtensions.swift */; };
		29201EE623988F5F0016DF8C /* WatchNShapeSets WatchKit App.app in Embed Watch Content */ = {isa = PBXBuildFile; fileRef = 29201EE523988F5F0016DF8C /* WatchNShapeSets WatchKit App.app */; settings = {ATTRIBUTES = (RemoveHeadersOnCopy, ); }; };
		29201EEC23988F5F0016DF8C /* Interface.storyboard in Resources */ = {isa = PBXBuildFile; fileRef = 29201EEA23988F5F0016DF8C /* Interface.storyboard */; };
		29201EEE23988F600016DF8C /* Assets.xcassets in Resources */ = {isa = PBXBuildFile; fileRef = 29201EED23988F600016DF8C /* Assets.xcassets */; };
		29201EF523988F600016DF8C /* WatchNShapeSets WatchKit Extension.appex in Embed App Extensions */ = {isa = PBXBuildFile; fileRef = 29201EF423988F600016DF8C /* WatchNShapeSets WatchKit Extension.appex */; settings = {ATTRIBUTES = (RemoveHeadersOnCopy, ); }; };
		29201EFA23988F600016DF8C /* ContentView.swift in Sources */ = {isa = PBXBuildFile; fileRef = 29201EF923988F600016DF8C /* ContentView.swift */; };
		29201EFC23988F600016DF8C /* HostingController.swift in Sources */ = {isa = PBXBuildFile; fileRef = 29201EFB23988F600016DF8C /* HostingController.swift */; };
		29201EFE23988F600016DF8C /* ExtensionDelegate.swift in Sources */ = {isa = PBXBuildFile; fileRef = 29201EFD23988F600016DF8C /* ExtensionDelegate.swift */; };
		29201F0023988F600016DF8C /* NotificationController.swift in Sources */ = {isa = PBXBuildFile; fileRef = 29201EFF23988F600016DF8C /* NotificationController.swift */; };
		29201F0223988F600016DF8C /* NotificationView.swift in Sources */ = {isa = PBXBuildFile; fileRef = 29201F0123988F600016DF8C /* NotificationView.swift */; };
		29201F0423988F600016DF8C /* ComplicationController.swift in Sources */ = {isa = PBXBuildFile; fileRef = 29201F0323988F600016DF8C /* ComplicationController.swift */; };
		29201F0623988F610016DF8C /* Assets.xcassets in Resources */ = {isa = PBXBuildFile; fileRef = 29201F0523988F610016DF8C /* Assets.xcassets */; };
		29201F0923988F610016DF8C /* Preview Assets.xcassets in Resources */ = {isa = PBXBuildFile; fileRef = 29201F0823988F610016DF8C /* Preview Assets.xcassets */; };
		292DD4E123F9F0F1007166E0 /* Palette.swift in Sources */ = {isa = PBXBuildFile; fileRef = 295AFFC1239C2552003E24C6 /* Palette.swift */; };
		292DD4E223F9F0F7007166E0 /* Palette.swift in Sources */ = {isa = PBXBuildFile; fileRef = 295AFFC1239C2552003E24C6 /* Palette.swift */; };
		292DD4E323F9F1EE007166E0 /* Assets.xcassets in Resources */ = {isa = PBXBuildFile; fileRef = 29C956222393042800373031 /* Assets.xcassets */; };
		292DD4E423F9F1EF007166E0 /* Assets.xcassets in Resources */ = {isa = PBXBuildFile; fileRef = 29C956222393042800373031 /* Assets.xcassets */; };
		292DD4E523F9F1EF007166E0 /* Assets.xcassets in Resources */ = {isa = PBXBuildFile; fileRef = 29C956222393042800373031 /* Assets.xcassets */; };
		292DD4E623F9F1F0007166E0 /* Assets.xcassets in Resources */ = {isa = PBXBuildFile; fileRef = 29C956222393042800373031 /* Assets.xcassets */; };
		292DD4E723F9F1F0007166E0 /* Assets.xcassets in Resources */ = {isa = PBXBuildFile; fileRef = 29C956222393042800373031 /* Assets.xcassets */; };
		292DD4EA23F9F4CF007166E0 /* SelectorView.swift in Sources */ = {isa = PBXBuildFile; fileRef = 292DD4DF23F9EEE3007166E0 /* SelectorView.swift */; };
		292DD4EB23F9F4DA007166E0 /* TextFieldView.swift in Sources */ = {isa = PBXBuildFile; fileRef = 292DD4E823F9F291007166E0 /* TextFieldView.swift */; };
		292DD4EC23F9F518007166E0 /* TypeExtensions.swift in Sources */ = {isa = PBXBuildFile; fileRef = 29B10F9123D8F57500BD9700 /* TypeExtensions.swift */; };
		292DD4EE23F9F7B9007166E0 /* SelectorButton.swift in Sources */ = {isa = PBXBuildFile; fileRef = 292DD4ED23F9F7B9007166E0 /* SelectorButton.swift */; };
		2943657024312F3900A7A476 /* TimeHelper.swift in Sources */ = {isa = PBXBuildFile; fileRef = 29B77580242FB10200EDD23D /* TimeHelper.swift */; };
		294B33A923D642D600D6BF14 /* BannerView.swift in Sources */ = {isa = PBXBuildFile; fileRef = 294B33A823D642D600D6BF14 /* BannerView.swift */; };
		294B33AA23D642D600D6BF14 /* BannerView.swift in Sources */ = {isa = PBXBuildFile; fileRef = 294B33A823D642D600D6BF14 /* BannerView.swift */; };
		294B33AC23D6436000D6BF14 /* SelectorView.swift in Sources */ = {isa = PBXBuildFile; fileRef = 294B33AB23D6436000D6BF14 /* SelectorView.swift */; };
		294B33AD23D6436000D6BF14 /* SelectorView.swift in Sources */ = {isa = PBXBuildFile; fileRef = 294B33AB23D6436000D6BF14 /* SelectorView.swift */; };
		294B33AF23D64A2C00D6BF14 /* CustomSlider.swift in Sources */ = {isa = PBXBuildFile; fileRef = 294B33AE23D64A2C00D6BF14 /* CustomSlider.swift */; };
		294B33B023D64A2C00D6BF14 /* CustomSlider.swift in Sources */ = {isa = PBXBuildFile; fileRef = 294B33AE23D64A2C00D6BF14 /* CustomSlider.swift */; };
		294B33B523D6500E00D6BF14 /* TextFieldView.swift in Sources */ = {isa = PBXBuildFile; fileRef = 294B33B423D6500E00D6BF14 /* TextFieldView.swift */; };
		294B33B623D6500E00D6BF14 /* TextFieldView.swift in Sources */ = {isa = PBXBuildFile; fileRef = 294B33B423D6500E00D6BF14 /* TextFieldView.swift */; };
		294BA21F244A534600C809DD /* HealthKitHelper.swift in Sources */ = {isa = PBXBuildFile; fileRef = 294BA21E244A534600C809DD /* HealthKitHelper.swift */; };
		294BA220244A534600C809DD /* HealthKitHelper.swift in Sources */ = {isa = PBXBuildFile; fileRef = 294BA21E244A534600C809DD /* HealthKitHelper.swift */; };
		294BA221244A534600C809DD /* HealthKitHelper.swift in Sources */ = {isa = PBXBuildFile; fileRef = 294BA21E244A534600C809DD /* HealthKitHelper.swift */; };
		294BBB9F23A44C6E0022AC8C /* Gotham-Thin.otf in Resources */ = {isa = PBXBuildFile; fileRef = 294BBB8F23A44C6D0022AC8C /* Gotham-Thin.otf */; };
		294BBBA023A44C6E0022AC8C /* Gotham-Thin.otf in Resources */ = {isa = PBXBuildFile; fileRef = 294BBB8F23A44C6D0022AC8C /* Gotham-Thin.otf */; };
		294BBBA123A44C6E0022AC8C /* Gotham-Thin.otf in Resources */ = {isa = PBXBuildFile; fileRef = 294BBB8F23A44C6D0022AC8C /* Gotham-Thin.otf */; };
		294BBBA223A44C6E0022AC8C /* Gotham-Thin.otf in Resources */ = {isa = PBXBuildFile; fileRef = 294BBB8F23A44C6D0022AC8C /* Gotham-Thin.otf */; };
		294BBBA323A44C6E0022AC8C /* Gotham-Thin.otf in Resources */ = {isa = PBXBuildFile; fileRef = 294BBB8F23A44C6D0022AC8C /* Gotham-Thin.otf */; };
		294BBBA423A44C6E0022AC8C /* Gotham-Bold.otf in Resources */ = {isa = PBXBuildFile; fileRef = 294BBB9023A44C6D0022AC8C /* Gotham-Bold.otf */; };
		294BBBA523A44C6E0022AC8C /* Gotham-Bold.otf in Resources */ = {isa = PBXBuildFile; fileRef = 294BBB9023A44C6D0022AC8C /* Gotham-Bold.otf */; };
		294BBBA623A44C6E0022AC8C /* Gotham-Bold.otf in Resources */ = {isa = PBXBuildFile; fileRef = 294BBB9023A44C6D0022AC8C /* Gotham-Bold.otf */; };
		294BBBA723A44C6E0022AC8C /* Gotham-Bold.otf in Resources */ = {isa = PBXBuildFile; fileRef = 294BBB9023A44C6D0022AC8C /* Gotham-Bold.otf */; };
		294BBBA823A44C6E0022AC8C /* Gotham-Bold.otf in Resources */ = {isa = PBXBuildFile; fileRef = 294BBB9023A44C6D0022AC8C /* Gotham-Bold.otf */; };
		294BBBA923A44C6E0022AC8C /* Gotham-Book.otf in Resources */ = {isa = PBXBuildFile; fileRef = 294BBB9123A44C6D0022AC8C /* Gotham-Book.otf */; };
		294BBBAA23A44C6E0022AC8C /* Gotham-Book.otf in Resources */ = {isa = PBXBuildFile; fileRef = 294BBB9123A44C6D0022AC8C /* Gotham-Book.otf */; };
		294BBBAB23A44C6E0022AC8C /* Gotham-Book.otf in Resources */ = {isa = PBXBuildFile; fileRef = 294BBB9123A44C6D0022AC8C /* Gotham-Book.otf */; };
		294BBBAC23A44C6E0022AC8C /* Gotham-Book.otf in Resources */ = {isa = PBXBuildFile; fileRef = 294BBB9123A44C6D0022AC8C /* Gotham-Book.otf */; };
		294BBBAD23A44C6E0022AC8C /* Gotham-Book.otf in Resources */ = {isa = PBXBuildFile; fileRef = 294BBB9123A44C6D0022AC8C /* Gotham-Book.otf */; };
		294BBBAE23A44C6E0022AC8C /* Gotham-UltraItalic.otf in Resources */ = {isa = PBXBuildFile; fileRef = 294BBB9223A44C6D0022AC8C /* Gotham-UltraItalic.otf */; };
		294BBBAF23A44C6E0022AC8C /* Gotham-UltraItalic.otf in Resources */ = {isa = PBXBuildFile; fileRef = 294BBB9223A44C6D0022AC8C /* Gotham-UltraItalic.otf */; };
		294BBBB023A44C6E0022AC8C /* Gotham-UltraItalic.otf in Resources */ = {isa = PBXBuildFile; fileRef = 294BBB9223A44C6D0022AC8C /* Gotham-UltraItalic.otf */; };
		294BBBB123A44C6E0022AC8C /* Gotham-UltraItalic.otf in Resources */ = {isa = PBXBuildFile; fileRef = 294BBB9223A44C6D0022AC8C /* Gotham-UltraItalic.otf */; };
		294BBBB223A44C6E0022AC8C /* Gotham-UltraItalic.otf in Resources */ = {isa = PBXBuildFile; fileRef = 294BBB9223A44C6D0022AC8C /* Gotham-UltraItalic.otf */; };
		294BBBB323A44C6E0022AC8C /* Gotham-Medium.otf in Resources */ = {isa = PBXBuildFile; fileRef = 294BBB9323A44C6D0022AC8C /* Gotham-Medium.otf */; };
		294BBBB423A44C6E0022AC8C /* Gotham-Medium.otf in Resources */ = {isa = PBXBuildFile; fileRef = 294BBB9323A44C6D0022AC8C /* Gotham-Medium.otf */; };
		294BBBB523A44C6E0022AC8C /* Gotham-Medium.otf in Resources */ = {isa = PBXBuildFile; fileRef = 294BBB9323A44C6D0022AC8C /* Gotham-Medium.otf */; };
		294BBBB623A44C6E0022AC8C /* Gotham-Medium.otf in Resources */ = {isa = PBXBuildFile; fileRef = 294BBB9323A44C6D0022AC8C /* Gotham-Medium.otf */; };
		294BBBB723A44C6E0022AC8C /* Gotham-Medium.otf in Resources */ = {isa = PBXBuildFile; fileRef = 294BBB9323A44C6D0022AC8C /* Gotham-Medium.otf */; };
		294BBBB823A44C6E0022AC8C /* Gotham-LightItalic.otf in Resources */ = {isa = PBXBuildFile; fileRef = 294BBB9423A44C6D0022AC8C /* Gotham-LightItalic.otf */; };
		294BBBB923A44C6E0022AC8C /* Gotham-LightItalic.otf in Resources */ = {isa = PBXBuildFile; fileRef = 294BBB9423A44C6D0022AC8C /* Gotham-LightItalic.otf */; };
		294BBBBA23A44C6E0022AC8C /* Gotham-LightItalic.otf in Resources */ = {isa = PBXBuildFile; fileRef = 294BBB9423A44C6D0022AC8C /* Gotham-LightItalic.otf */; };
		294BBBBB23A44C6E0022AC8C /* Gotham-LightItalic.otf in Resources */ = {isa = PBXBuildFile; fileRef = 294BBB9423A44C6D0022AC8C /* Gotham-LightItalic.otf */; };
		294BBBBC23A44C6E0022AC8C /* Gotham-LightItalic.otf in Resources */ = {isa = PBXBuildFile; fileRef = 294BBB9423A44C6D0022AC8C /* Gotham-LightItalic.otf */; };
		294BBBBD23A44C6E0022AC8C /* Gotham-Ultra.otf in Resources */ = {isa = PBXBuildFile; fileRef = 294BBB9523A44C6D0022AC8C /* Gotham-Ultra.otf */; };
		294BBBBE23A44C6E0022AC8C /* Gotham-Ultra.otf in Resources */ = {isa = PBXBuildFile; fileRef = 294BBB9523A44C6D0022AC8C /* Gotham-Ultra.otf */; };
		294BBBBF23A44C6E0022AC8C /* Gotham-Ultra.otf in Resources */ = {isa = PBXBuildFile; fileRef = 294BBB9523A44C6D0022AC8C /* Gotham-Ultra.otf */; };
		294BBBC023A44C6E0022AC8C /* Gotham-Ultra.otf in Resources */ = {isa = PBXBuildFile; fileRef = 294BBB9523A44C6D0022AC8C /* Gotham-Ultra.otf */; };
		294BBBC123A44C6E0022AC8C /* Gotham-Ultra.otf in Resources */ = {isa = PBXBuildFile; fileRef = 294BBB9523A44C6D0022AC8C /* Gotham-Ultra.otf */; };
		294BBBC223A44C6E0022AC8C /* Gotham-BoldItalic.otf in Resources */ = {isa = PBXBuildFile; fileRef = 294BBB9623A44C6D0022AC8C /* Gotham-BoldItalic.otf */; };
		294BBBC323A44C6E0022AC8C /* Gotham-BoldItalic.otf in Resources */ = {isa = PBXBuildFile; fileRef = 294BBB9623A44C6D0022AC8C /* Gotham-BoldItalic.otf */; };
		294BBBC423A44C6E0022AC8C /* Gotham-BoldItalic.otf in Resources */ = {isa = PBXBuildFile; fileRef = 294BBB9623A44C6D0022AC8C /* Gotham-BoldItalic.otf */; };
		294BBBC523A44C6E0022AC8C /* Gotham-BoldItalic.otf in Resources */ = {isa = PBXBuildFile; fileRef = 294BBB9623A44C6D0022AC8C /* Gotham-BoldItalic.otf */; };
		294BBBC623A44C6E0022AC8C /* Gotham-BoldItalic.otf in Resources */ = {isa = PBXBuildFile; fileRef = 294BBB9623A44C6D0022AC8C /* Gotham-BoldItalic.otf */; };
		294BBBC723A44C6E0022AC8C /* Gotham-MediumItalic.otf in Resources */ = {isa = PBXBuildFile; fileRef = 294BBB9723A44C6E0022AC8C /* Gotham-MediumItalic.otf */; };
		294BBBC823A44C6E0022AC8C /* Gotham-MediumItalic.otf in Resources */ = {isa = PBXBuildFile; fileRef = 294BBB9723A44C6E0022AC8C /* Gotham-MediumItalic.otf */; };
		294BBBC923A44C6E0022AC8C /* Gotham-MediumItalic.otf in Resources */ = {isa = PBXBuildFile; fileRef = 294BBB9723A44C6E0022AC8C /* Gotham-MediumItalic.otf */; };
		294BBBCA23A44C6E0022AC8C /* Gotham-MediumItalic.otf in Resources */ = {isa = PBXBuildFile; fileRef = 294BBB9723A44C6E0022AC8C /* Gotham-MediumItalic.otf */; };
		294BBBCB23A44C6E0022AC8C /* Gotham-MediumItalic.otf in Resources */ = {isa = PBXBuildFile; fileRef = 294BBB9723A44C6E0022AC8C /* Gotham-MediumItalic.otf */; };
		294BBBCC23A44C6E0022AC8C /* Gotham-XLight.otf in Resources */ = {isa = PBXBuildFile; fileRef = 294BBB9823A44C6E0022AC8C /* Gotham-XLight.otf */; };
		294BBBCD23A44C6E0022AC8C /* Gotham-XLight.otf in Resources */ = {isa = PBXBuildFile; fileRef = 294BBB9823A44C6E0022AC8C /* Gotham-XLight.otf */; };
		294BBBCE23A44C6E0022AC8C /* Gotham-XLight.otf in Resources */ = {isa = PBXBuildFile; fileRef = 294BBB9823A44C6E0022AC8C /* Gotham-XLight.otf */; };
		294BBBCF23A44C6E0022AC8C /* Gotham-XLight.otf in Resources */ = {isa = PBXBuildFile; fileRef = 294BBB9823A44C6E0022AC8C /* Gotham-XLight.otf */; };
		294BBBD023A44C6E0022AC8C /* Gotham-XLight.otf in Resources */ = {isa = PBXBuildFile; fileRef = 294BBB9823A44C6E0022AC8C /* Gotham-XLight.otf */; };
		294BBBD123A44C6E0022AC8C /* Gotham-BookItalic.otf in Resources */ = {isa = PBXBuildFile; fileRef = 294BBB9923A44C6E0022AC8C /* Gotham-BookItalic.otf */; };
		294BBBD223A44C6E0022AC8C /* Gotham-BookItalic.otf in Resources */ = {isa = PBXBuildFile; fileRef = 294BBB9923A44C6E0022AC8C /* Gotham-BookItalic.otf */; };
		294BBBD323A44C6E0022AC8C /* Gotham-BookItalic.otf in Resources */ = {isa = PBXBuildFile; fileRef = 294BBB9923A44C6E0022AC8C /* Gotham-BookItalic.otf */; };
		294BBBD423A44C6E0022AC8C /* Gotham-BookItalic.otf in Resources */ = {isa = PBXBuildFile; fileRef = 294BBB9923A44C6E0022AC8C /* Gotham-BookItalic.otf */; };
		294BBBD523A44C6E0022AC8C /* Gotham-BookItalic.otf in Resources */ = {isa = PBXBuildFile; fileRef = 294BBB9923A44C6E0022AC8C /* Gotham-BookItalic.otf */; };
		294BBBD623A44C6E0022AC8C /* Gotham-Black.otf in Resources */ = {isa = PBXBuildFile; fileRef = 294BBB9A23A44C6E0022AC8C /* Gotham-Black.otf */; };
		294BBBD723A44C6E0022AC8C /* Gotham-Black.otf in Resources */ = {isa = PBXBuildFile; fileRef = 294BBB9A23A44C6E0022AC8C /* Gotham-Black.otf */; };
		294BBBD823A44C6E0022AC8C /* Gotham-Black.otf in Resources */ = {isa = PBXBuildFile; fileRef = 294BBB9A23A44C6E0022AC8C /* Gotham-Black.otf */; };
		294BBBD923A44C6E0022AC8C /* Gotham-Black.otf in Resources */ = {isa = PBXBuildFile; fileRef = 294BBB9A23A44C6E0022AC8C /* Gotham-Black.otf */; };
		294BBBDA23A44C6E0022AC8C /* Gotham-Black.otf in Resources */ = {isa = PBXBuildFile; fileRef = 294BBB9A23A44C6E0022AC8C /* Gotham-Black.otf */; };
		294BBBDB23A44C6E0022AC8C /* Gotham-XLightItalic.otf in Resources */ = {isa = PBXBuildFile; fileRef = 294BBB9B23A44C6E0022AC8C /* Gotham-XLightItalic.otf */; };
		294BBBDC23A44C6E0022AC8C /* Gotham-XLightItalic.otf in Resources */ = {isa = PBXBuildFile; fileRef = 294BBB9B23A44C6E0022AC8C /* Gotham-XLightItalic.otf */; };
		294BBBDD23A44C6E0022AC8C /* Gotham-XLightItalic.otf in Resources */ = {isa = PBXBuildFile; fileRef = 294BBB9B23A44C6E0022AC8C /* Gotham-XLightItalic.otf */; };
		294BBBDE23A44C6E0022AC8C /* Gotham-XLightItalic.otf in Resources */ = {isa = PBXBuildFile; fileRef = 294BBB9B23A44C6E0022AC8C /* Gotham-XLightItalic.otf */; };
		294BBBDF23A44C6E0022AC8C /* Gotham-XLightItalic.otf in Resources */ = {isa = PBXBuildFile; fileRef = 294BBB9B23A44C6E0022AC8C /* Gotham-XLightItalic.otf */; };
		294BBBE023A44C6E0022AC8C /* Gotham-ThinItalic.otf in Resources */ = {isa = PBXBuildFile; fileRef = 294BBB9C23A44C6E0022AC8C /* Gotham-ThinItalic.otf */; };
		294BBBE123A44C6E0022AC8C /* Gotham-ThinItalic.otf in Resources */ = {isa = PBXBuildFile; fileRef = 294BBB9C23A44C6E0022AC8C /* Gotham-ThinItalic.otf */; };
		294BBBE223A44C6E0022AC8C /* Gotham-ThinItalic.otf in Resources */ = {isa = PBXBuildFile; fileRef = 294BBB9C23A44C6E0022AC8C /* Gotham-ThinItalic.otf */; };
		294BBBE323A44C6E0022AC8C /* Gotham-ThinItalic.otf in Resources */ = {isa = PBXBuildFile; fileRef = 294BBB9C23A44C6E0022AC8C /* Gotham-ThinItalic.otf */; };
		294BBBE423A44C6E0022AC8C /* Gotham-ThinItalic.otf in Resources */ = {isa = PBXBuildFile; fileRef = 294BBB9C23A44C6E0022AC8C /* Gotham-ThinItalic.otf */; };
		294BBBE523A44C6E0022AC8C /* Gotham-BlackItalic.otf in Resources */ = {isa = PBXBuildFile; fileRef = 294BBB9D23A44C6E0022AC8C /* Gotham-BlackItalic.otf */; };
		294BBBE623A44C6E0022AC8C /* Gotham-BlackItalic.otf in Resources */ = {isa = PBXBuildFile; fileRef = 294BBB9D23A44C6E0022AC8C /* Gotham-BlackItalic.otf */; };
		294BBBE723A44C6E0022AC8C /* Gotham-BlackItalic.otf in Resources */ = {isa = PBXBuildFile; fileRef = 294BBB9D23A44C6E0022AC8C /* Gotham-BlackItalic.otf */; };
		294BBBE823A44C6E0022AC8C /* Gotham-BlackItalic.otf in Resources */ = {isa = PBXBuildFile; fileRef = 294BBB9D23A44C6E0022AC8C /* Gotham-BlackItalic.otf */; };
		294BBBE923A44C6E0022AC8C /* Gotham-BlackItalic.otf in Resources */ = {isa = PBXBuildFile; fileRef = 294BBB9D23A44C6E0022AC8C /* Gotham-BlackItalic.otf */; };
		294BBBEA23A44C6E0022AC8C /* Gotham-Light.otf in Resources */ = {isa = PBXBuildFile; fileRef = 294BBB9E23A44C6E0022AC8C /* Gotham-Light.otf */; };
		294BBBEB23A44C6E0022AC8C /* Gotham-Light.otf in Resources */ = {isa = PBXBuildFile; fileRef = 294BBB9E23A44C6E0022AC8C /* Gotham-Light.otf */; };
		294BBBEC23A44C6E0022AC8C /* Gotham-Light.otf in Resources */ = {isa = PBXBuildFile; fileRef = 294BBB9E23A44C6E0022AC8C /* Gotham-Light.otf */; };
		294BBBED23A44C6E0022AC8C /* Gotham-Light.otf in Resources */ = {isa = PBXBuildFile; fileRef = 294BBB9E23A44C6E0022AC8C /* Gotham-Light.otf */; };
		294BBBEE23A44C6E0022AC8C /* Gotham-Light.otf in Resources */ = {isa = PBXBuildFile; fileRef = 294BBB9E23A44C6E0022AC8C /* Gotham-Light.otf */; };
		294BBBF223A44CA00022AC8C /* Constants.swift in Sources */ = {isa = PBXBuildFile; fileRef = 294BBBF123A44CA00022AC8C /* Constants.swift */; };
		294BBBF323A44CA00022AC8C /* Constants.swift in Sources */ = {isa = PBXBuildFile; fileRef = 294BBBF123A44CA00022AC8C /* Constants.swift */; };
		294BBBF423A44CA00022AC8C /* Constants.swift in Sources */ = {isa = PBXBuildFile; fileRef = 294BBBF123A44CA00022AC8C /* Constants.swift */; };
		294BBBF523A44CA00022AC8C /* Constants.swift in Sources */ = {isa = PBXBuildFile; fileRef = 294BBBF123A44CA00022AC8C /* Constants.swift */; };
		295AFFBD239C21F8003E24C6 /* BackgroundView.swift in Sources */ = {isa = PBXBuildFile; fileRef = 295AFFBC239C21F8003E24C6 /* BackgroundView.swift */; };
		295AFFBE239C21F8003E24C6 /* BackgroundView.swift in Sources */ = {isa = PBXBuildFile; fileRef = 295AFFBC239C21F8003E24C6 /* BackgroundView.swift */; };
		295AFFC2239C2552003E24C6 /* Palette.swift in Sources */ = {isa = PBXBuildFile; fileRef = 295AFFC1239C2552003E24C6 /* Palette.swift */; };
		295AFFC3239C2552003E24C6 /* Palette.swift in Sources */ = {isa = PBXBuildFile; fileRef = 295AFFC1239C2552003E24C6 /* Palette.swift */; };
		296528F823DF7C2100C203F8 /* ActiveView.swift in Sources */ = {isa = PBXBuildFile; fileRef = 296528F723DF7C2100C203F8 /* ActiveView.swift */; };
		296528F923DF7C2100C203F8 /* ActiveView.swift in Sources */ = {isa = PBXBuildFile; fileRef = 296528F723DF7C2100C203F8 /* ActiveView.swift */; };
		296528FA23DF7C2100C203F8 /* ActiveView.swift in Sources */ = {isa = PBXBuildFile; fileRef = 296528F723DF7C2100C203F8 /* ActiveView.swift */; };
		296528FC23DF7F6B00C203F8 /* RestView.swift in Sources */ = {isa = PBXBuildFile; fileRef = 296528FB23DF7F6B00C203F8 /* RestView.swift */; };
		296528FD23DF7F6B00C203F8 /* RestView.swift in Sources */ = {isa = PBXBuildFile; fileRef = 296528FB23DF7F6B00C203F8 /* RestView.swift */; };
		296528FE23DF7F6B00C203F8 /* RestView.swift in Sources */ = {isa = PBXBuildFile; fileRef = 296528FB23DF7F6B00C203F8 /* RestView.swift */; };
		2965290023E9A32E00C203F8 /* TimerWrapper.swift in Sources */ = {isa = PBXBuildFile; fileRef = 296528FF23E9A32E00C203F8 /* TimerWrapper.swift */; };
		2965290123E9A32E00C203F8 /* TimerWrapper.swift in Sources */ = {isa = PBXBuildFile; fileRef = 296528FF23E9A32E00C203F8 /* TimerWrapper.swift */; };
		2965290223E9A32E00C203F8 /* TimerWrapper.swift in Sources */ = {isa = PBXBuildFile; fileRef = 296528FF23E9A32E00C203F8 /* TimerWrapper.swift */; };
		2965290623F09E1B00C203F8 /* AppExtensions.swift in Sources */ = {isa = PBXBuildFile; fileRef = 2965290523F09E1B00C203F8 /* AppExtensions.swift */; };
		2965290723F09E1B00C203F8 /* AppExtensions.swift in Sources */ = {isa = PBXBuildFile; fileRef = 2965290523F09E1B00C203F8 /* AppExtensions.swift */; };
		2965290823F09E1B00C203F8 /* AppExtensions.swift in Sources */ = {isa = PBXBuildFile; fileRef = 2965290523F09E1B00C203F8 /* AppExtensions.swift */; };
		297C8CA5241908D200D7583E /* Wrappers.swift in Sources */ = {isa = PBXBuildFile; fileRef = 297C8CA4241908D200D7583E /* Wrappers.swift */; };
		297C8CA6241908D200D7583E /* Wrappers.swift in Sources */ = {isa = PBXBuildFile; fileRef = 297C8CA4241908D200D7583E /* Wrappers.swift */; };
		297C8CA7241908D200D7583E /* Wrappers.swift in Sources */ = {isa = PBXBuildFile; fileRef = 297C8CA4241908D200D7583E /* Wrappers.swift */; };
		297C8CA82419096900D7583E /* Wrappers.swift in Sources */ = {isa = PBXBuildFile; fileRef = 297C8CA4241908D200D7583E /* Wrappers.swift */; };
		297FDD1723FB896200D9E56E /* SetupView.swift in Sources */ = {isa = PBXBuildFile; fileRef = 297FDD1623FB896200D9E56E /* SetupView.swift */; };
		297FDD1923FB8EA000D9E56E /* NavigationButton.swift in Sources */ = {isa = PBXBuildFile; fileRef = 297FDD1823FB8EA000D9E56E /* NavigationButton.swift */; };
		29A4AEF924148F15005A446E /* HealthKit.framework in Frameworks */ = {isa = PBXBuildFile; fileRef = 29A4AEF824148F15005A446E /* HealthKit.framework */; };
		29A4AEFC24148F67005A446E /* HealthKit.framework in Frameworks */ = {isa = PBXBuildFile; fileRef = 29A4AEFB24148F67005A446E /* HealthKit.framework */; };
		29A4AF01241591E0005A446E /* HealthKitHelper.swift in Sources */ = {isa = PBXBuildFile; fileRef = 29A4AEFF241591E0005A446E /* HealthKitHelper.swift */; };
		29B10F9223D8F57500BD9700 /* TypeExtensions.swift in Sources */ = {isa = PBXBuildFile; fileRef = 29B10F9123D8F57500BD9700 /* TypeExtensions.swift */; };
		29B10F9323D8F57500BD9700 /* TypeExtensions.swift in Sources */ = {isa = PBXBuildFile; fileRef = 29B10F9123D8F57500BD9700 /* TypeExtensions.swift */; };
		29B10F9423D8F57500BD9700 /* TypeExtensions.swift in Sources */ = {isa = PBXBuildFile; fileRef = 29B10F9123D8F57500BD9700 /* TypeExtensions.swift */; };
		29B45DC9241E826000CB1D02 /* WorkoutSessionContext.swift in Sources */ = {isa = PBXBuildFile; fileRef = 29B45DC8241E826000CB1D02 /* WorkoutSessionContext.swift */; };
		29B77581242FB10200EDD23D /* TimeHelper.swift in Sources */ = {isa = PBXBuildFile; fileRef = 29B77580242FB10200EDD23D /* TimeHelper.swift */; };
		29B77582242FB10200EDD23D /* TimeHelper.swift in Sources */ = {isa = PBXBuildFile; fileRef = 29B77580242FB10200EDD23D /* TimeHelper.swift */; };
		29B77583242FB10200EDD23D /* TimeHelper.swift in Sources */ = {isa = PBXBuildFile; fileRef = 29B77580242FB10200EDD23D /* TimeHelper.swift */; };
		29B77584242FB3A500EDD23D /* AppDelegate.swift in Sources */ = {isa = PBXBuildFile; fileRef = 29C9561C2393042500373031 /* AppDelegate.swift */; };
		29B77585242FB3A500EDD23D /* AppDelegate.swift in Sources */ = {isa = PBXBuildFile; fileRef = 29C9561C2393042500373031 /* AppDelegate.swift */; };
		29B77586242FB3A800EDD23D /* SceneDelegate.swift in Sources */ = {isa = PBXBuildFile; fileRef = 29C9561E2393042500373031 /* SceneDelegate.swift */; };
		29B77587242FB3A900EDD23D /* SceneDelegate.swift in Sources */ = {isa = PBXBuildFile; fileRef = 29C9561E2393042500373031 /* SceneDelegate.swift */; };
		29B77588242FB3AD00EDD23D /* SetupView.swift in Sources */ = {isa = PBXBuildFile; fileRef = 29FDE47C2395B28B0061EF5E /* SetupView.swift */; };
		29B77589242FB3AE00EDD23D /* SetupView.swift in Sources */ = {isa = PBXBuildFile; fileRef = 29FDE47C2395B28B0061EF5E /* SetupView.swift */; };
		29B7758A242FB3B500EDD23D /* ContentView.swift in Sources */ = {isa = PBXBuildFile; fileRef = 29C956202393042500373031 /* ContentView.swift */; };
		29B7758B242FB3B500EDD23D /* ContentView.swift in Sources */ = {isa = PBXBuildFile; fileRef = 29C956202393042500373031 /* ContentView.swift */; };
		29B7758C242FB3BD00EDD23D /* TextFieldView.swift in Sources */ = {isa = PBXBuildFile; fileRef = 294B33B423D6500E00D6BF14 /* TextFieldView.swift */; };
		29B7758D242FB3C100EDD23D /* CustomSlider.swift in Sources */ = {isa = PBXBuildFile; fileRef = 294B33AE23D64A2C00D6BF14 /* CustomSlider.swift */; };
		29B7758E242FB3C300EDD23D /* SelectorView.swift in Sources */ = {isa = PBXBuildFile; fileRef = 294B33AB23D6436000D6BF14 /* SelectorView.swift */; };
		29B7758F242FB3C500EDD23D /* BannerView.swift in Sources */ = {isa = PBXBuildFile; fileRef = 294B33A823D642D600D6BF14 /* BannerView.swift */; };
		29B77590242FB3C800EDD23D /* BackgroundView.swift in Sources */ = {isa = PBXBuildFile; fileRef = 295AFFBC239C21F8003E24C6 /* BackgroundView.swift */; };
		29BDC1AC2408740200CC2B7D /* HapticHelper.swift in Sources */ = {isa = PBXBuildFile; fileRef = 29BDC1AB2408740200CC2B7D /* HapticHelper.swift */; };
		29C9561D2393042500373031 /* AppDelegate.swift in Sources */ = {isa = PBXBuildFile; fileRef = 29C9561C2393042500373031 /* AppDelegate.swift */; };
		29C9561F2393042500373031 /* SceneDelegate.swift in Sources */ = {isa = PBXBuildFile; fileRef = 29C9561E2393042500373031 /* SceneDelegate.swift */; };
		29C956212393042500373031 /* ContentView.swift in Sources */ = {isa = PBXBuildFile; fileRef = 29C956202393042500373031 /* ContentView.swift */; };
		29C956232393042800373031 /* Assets.xcassets in Resources */ = {isa = PBXBuildFile; fileRef = 29C956222393042800373031 /* Assets.xcassets */; };
		29C956262393042800373031 /* Preview Assets.xcassets in Resources */ = {isa = PBXBuildFile; fileRef = 29C956252393042800373031 /* Preview Assets.xcassets */; };
		29C956292393042800373031 /* LaunchScreen.storyboard in Resources */ = {isa = PBXBuildFile; fileRef = 29C956272393042800373031 /* LaunchScreen.storyboard */; };
		29C956342393042800373031 /* NShapeSetsTests.swift in Sources */ = {isa = PBXBuildFile; fileRef = 29C956332393042800373031 /* NShapeSetsTests.swift */; };
		29C9563F2393042800373031 /* NShapeSetsUITests.swift in Sources */ = {isa = PBXBuildFile; fileRef = 29C9563E2393042800373031 /* NShapeSetsUITests.swift */; };
		29CDDC1E23DB2340008BB4B8 /* ViewProtocols.swift in Sources */ = {isa = PBXBuildFile; fileRef = 29CDDC1D23DB2340008BB4B8 /* ViewProtocols.swift */; };
		29CDDC1F23DB2340008BB4B8 /* ViewProtocols.swift in Sources */ = {isa = PBXBuildFile; fileRef = 29CDDC1D23DB2340008BB4B8 /* ViewProtocols.swift */; };
		29CDDC2023DB2340008BB4B8 /* ViewProtocols.swift in Sources */ = {isa = PBXBuildFile; fileRef = 29CDDC1D23DB2340008BB4B8 /* ViewProtocols.swift */; };
		29CDDC2423DCC504008BB4B8 /* Workout.swift in Sources */ = {isa = PBXBuildFile; fileRef = 29CDDC2323DCC504008BB4B8 /* Workout.swift */; };
		29CDDC2523DCC504008BB4B8 /* Workout.swift in Sources */ = {isa = PBXBuildFile; fileRef = 29CDDC2323DCC504008BB4B8 /* Workout.swift */; };
		29CDDC2623DCC504008BB4B8 /* Workout.swift in Sources */ = {isa = PBXBuildFile; fileRef = 29CDDC2323DCC504008BB4B8 /* Workout.swift */; };
		29CDDC2823DCC6D3008BB4B8 /* ActiveWorkoutView.swift in Sources */ = {isa = PBXBuildFile; fileRef = 29CDDC2723DCC6D3008BB4B8 /* ActiveWorkoutView.swift */; };
		29CDDC2923DCC6D4008BB4B8 /* ActiveWorkoutView.swift in Sources */ = {isa = PBXBuildFile; fileRef = 29CDDC2723DCC6D3008BB4B8 /* ActiveWorkoutView.swift */; };
		29CDDC2A23DCC6D4008BB4B8 /* ActiveWorkoutView.swift in Sources */ = {isa = PBXBuildFile; fileRef = 29CDDC2723DCC6D3008BB4B8 /* ActiveWorkoutView.swift */; };
		29CDDC3023DCCD86008BB4B8 /* InfoView.swift in Sources */ = {isa = PBXBuildFile; fileRef = 29CDDC2F23DCCD86008BB4B8 /* InfoView.swift */; };
		29CDDC3123DCCD86008BB4B8 /* InfoView.swift in Sources */ = {isa = PBXBuildFile; fileRef = 29CDDC2F23DCCD86008BB4B8 /* InfoView.swift */; };
		29CDDC3223DCCD86008BB4B8 /* InfoView.swift in Sources */ = {isa = PBXBuildFile; fileRef = 29CDDC2F23DCCD86008BB4B8 /* InfoView.swift */; };
		29D43BE923A8394400C7981B /* StateModels.swift in Sources */ = {isa = PBXBuildFile; fileRef = 29D43BE823A8394400C7981B /* StateModels.swift */; };
		29D43BEA23A8394400C7981B /* StateModels.swift in Sources */ = {isa = PBXBuildFile; fileRef = 29D43BE823A8394400C7981B /* StateModels.swift */; };
		29D43BEB23A8394400C7981B /* StateModels.swift in Sources */ = {isa = PBXBuildFile; fileRef = 29D43BE823A8394400C7981B /* StateModels.swift */; };
		29D43BEC23A8394400C7981B /* StateModels.swift in Sources */ = {isa = PBXBuildFile; fileRef = 29D43BE823A8394400C7981B /* StateModels.swift */; };
		29DE9EA6240319AF00C6FE68 /* InstructionView.swift in Sources */ = {isa = PBXBuildFile; fileRef = 29DE9EA5240319AF00C6FE68 /* InstructionView.swift */; };
		29DE9EA824031A2000C6FE68 /* DetailView.swift in Sources */ = {isa = PBXBuildFile; fileRef = 29DE9EA724031A2000C6FE68 /* DetailView.swift */; };
		29DE9EAA24031C7E00C6FE68 /* ActiveView.swift in Sources */ = {isa = PBXBuildFile; fileRef = 29DE9EA924031C7E00C6FE68 /* ActiveView.swift */; };
		29DE9EAC24031C8900C6FE68 /* RestView.swift in Sources */ = {isa = PBXBuildFile; fileRef = 29DE9EAB24031C8900C6FE68 /* RestView.swift */; };
		29F51C9A23F88F12002E8498 /* AudioUtil.swift in Sources */ = {isa = PBXBuildFile; fileRef = 29F51C9923F88F12002E8498 /* AudioUtil.swift */; };
		29F51C9B23F88F12002E8498 /* AudioUtil.swift in Sources */ = {isa = PBXBuildFile; fileRef = 29F51C9923F88F12002E8498 /* AudioUtil.swift */; };
		29F51C9C23F88F12002E8498 /* AudioUtil.swift in Sources */ = {isa = PBXBuildFile; fileRef = 29F51C9923F88F12002E8498 /* AudioUtil.swift */; };
		29F51C9E240195FC002E8498 /* ActiveWorkoutView.swift in Sources */ = {isa = PBXBuildFile; fileRef = 29F51C9D240195FC002E8498 /* ActiveWorkoutView.swift */; };
		29F51C9F24019704002E8498 /* Workout.swift in Sources */ = {isa = PBXBuildFile; fileRef = 29CDDC2323DCC504008BB4B8 /* Workout.swift */; };
		29F51CA02401970A002E8498 /* TimerWrapper.swift in Sources */ = {isa = PBXBuildFile; fileRef = 296528FF23E9A32E00C203F8 /* TimerWrapper.swift */; };
		29F51CA22403FE70002E8498 /* PrimaryButton.swift in Sources */ = {isa = PBXBuildFile; fileRef = 29F51CA12403FE70002E8498 /* PrimaryButton.swift */; };
		29FDE47D2395B28B0061EF5E /* SetupView.swift in Sources */ = {isa = PBXBuildFile; fileRef = 29FDE47C2395B28B0061EF5E /* SetupView.swift */; };
		29FDE4832395B2EB0061EF5E /* HostingController.swift in Sources */ = {isa = PBXBuildFile; fileRef = 29FDE4822395B2EB0061EF5E /* HostingController.swift */; };
		29FDE4842395B2EB0061EF5E /* HostingController.swift in Sources */ = {isa = PBXBuildFile; fileRef = 29FDE4822395B2EB0061EF5E /* HostingController.swift */; };
		29FDE4852395B2EB0061EF5E /* HostingController.swift in Sources */ = {isa = PBXBuildFile; fileRef = 29FDE4822395B2EB0061EF5E /* HostingController.swift */; };
/* End PBXBuildFile section */

/* Begin PBXContainerItemProxy section */
		29201EE723988F5F0016DF8C /* PBXContainerItemProxy */ = {
			isa = PBXContainerItemProxy;
			containerPortal = 29C956112393042500373031 /* Project object */;
			proxyType = 1;
			remoteGlobalIDString = 29201EE423988F5F0016DF8C;
			remoteInfo = "WatchNShapeSets WatchKit App";
		};
		29201EF623988F600016DF8C /* PBXContainerItemProxy */ = {
			isa = PBXContainerItemProxy;
			containerPortal = 29C956112393042500373031 /* Project object */;
			proxyType = 1;
			remoteGlobalIDString = 29201EF323988F600016DF8C;
			remoteInfo = "WatchNShapeSets WatchKit Extension";
		};
		29C956302393042800373031 /* PBXContainerItemProxy */ = {
			isa = PBXContainerItemProxy;
			containerPortal = 29C956112393042500373031 /* Project object */;
			proxyType = 1;
			remoteGlobalIDString = 29C956182393042500373031;
			remoteInfo = NShapeSets;
		};
		29C9563B2393042800373031 /* PBXContainerItemProxy */ = {
			isa = PBXContainerItemProxy;
			containerPortal = 29C956112393042500373031 /* Project object */;
			proxyType = 1;
			remoteGlobalIDString = 29C956182393042500373031;
			remoteInfo = NShapeSets;
		};
/* End PBXContainerItemProxy section */

/* Begin PBXCopyFilesBuildPhase section */
		29201F0E23988F610016DF8C /* Embed Watch Content */ = {
			isa = PBXCopyFilesBuildPhase;
			buildActionMask = 2147483647;
			dstPath = "$(CONTENTS_FOLDER_PATH)/Watch";
			dstSubfolderSpec = 16;
			files = (
				29201EE623988F5F0016DF8C /* WatchNShapeSets WatchKit App.app in Embed Watch Content */,
			);
			name = "Embed Watch Content";
			runOnlyForDeploymentPostprocessing = 0;
		};
		29201F1123988F610016DF8C /* Embed App Extensions */ = {
			isa = PBXCopyFilesBuildPhase;
			buildActionMask = 2147483647;
			dstPath = "";
			dstSubfolderSpec = 13;
			files = (
				29201EF523988F600016DF8C /* WatchNShapeSets WatchKit Extension.appex in Embed App Extensions */,
			);
			name = "Embed App Extensions";
			runOnlyForDeploymentPostprocessing = 0;
		};
/* End PBXCopyFilesBuildPhase section */

/* Begin PBXFileReference section */
		2911C2AE23A59AB500405306 /* TypefaceExtensions.swift */ = {isa = PBXFileReference; lastKnownFileType = sourcecode.swift; path = TypefaceExtensions.swift; sourceTree = "<group>"; };
		29201EE223988F5F0016DF8C /* WatchNShapeSets.app */ = {isa = PBXFileReference; explicitFileType = wrapper.application; includeInIndex = 0; path = WatchNShapeSets.app; sourceTree = BUILT_PRODUCTS_DIR; };
		29201EE523988F5F0016DF8C /* WatchNShapeSets WatchKit App.app */ = {isa = PBXFileReference; explicitFileType = wrapper.application; includeInIndex = 0; path = "WatchNShapeSets WatchKit App.app"; sourceTree = BUILT_PRODUCTS_DIR; };
		29201EEB23988F5F0016DF8C /* Base */ = {isa = PBXFileReference; lastKnownFileType = file.storyboard; name = Base; path = Base.lproj/Interface.storyboard; sourceTree = "<group>"; };
		29201EED23988F600016DF8C /* Assets.xcassets */ = {isa = PBXFileReference; lastKnownFileType = folder.assetcatalog; path = Assets.xcassets; sourceTree = "<group>"; };
		29201EEF23988F600016DF8C /* Info.plist */ = {isa = PBXFileReference; lastKnownFileType = text.plist.xml; path = Info.plist; sourceTree = "<group>"; };
		29201EF423988F600016DF8C /* WatchNShapeSets WatchKit Extension.appex */ = {isa = PBXFileReference; explicitFileType = "wrapper.app-extension"; includeInIndex = 0; path = "WatchNShapeSets WatchKit Extension.appex"; sourceTree = BUILT_PRODUCTS_DIR; };
		29201EF923988F600016DF8C /* ContentView.swift */ = {isa = PBXFileReference; lastKnownFileType = sourcecode.swift; path = ContentView.swift; sourceTree = "<group>"; };
		29201EFB23988F600016DF8C /* HostingController.swift */ = {isa = PBXFileReference; lastKnownFileType = sourcecode.swift; path = HostingController.swift; sourceTree = "<group>"; };
		29201EFD23988F600016DF8C /* ExtensionDelegate.swift */ = {isa = PBXFileReference; lastKnownFileType = sourcecode.swift; path = ExtensionDelegate.swift; sourceTree = "<group>"; };
		29201EFF23988F600016DF8C /* NotificationController.swift */ = {isa = PBXFileReference; lastKnownFileType = sourcecode.swift; path = NotificationController.swift; sourceTree = "<group>"; };
		29201F0123988F600016DF8C /* NotificationView.swift */ = {isa = PBXFileReference; lastKnownFileType = sourcecode.swift; path = NotificationView.swift; sourceTree = "<group>"; };
		29201F0323988F600016DF8C /* ComplicationController.swift */ = {isa = PBXFileReference; lastKnownFileType = sourcecode.swift; path = ComplicationController.swift; sourceTree = "<group>"; };
		29201F0523988F610016DF8C /* Assets.xcassets */ = {isa = PBXFileReference; lastKnownFileType = folder.assetcatalog; path = Assets.xcassets; sourceTree = "<group>"; };
		29201F0823988F610016DF8C /* Preview Assets.xcassets */ = {isa = PBXFileReference; lastKnownFileType = folder.assetcatalog; path = "Preview Assets.xcassets"; sourceTree = "<group>"; };
		29201F0A23988F610016DF8C /* Info.plist */ = {isa = PBXFileReference; lastKnownFileType = text.plist.xml; path = Info.plist; sourceTree = "<group>"; };
		29201F0B23988F610016DF8C /* PushNotificationPayload.apns */ = {isa = PBXFileReference; lastKnownFileType = text; path = PushNotificationPayload.apns; sourceTree = "<group>"; };
		292DD4DF23F9EEE3007166E0 /* SelectorView.swift */ = {isa = PBXFileReference; lastKnownFileType = sourcecode.swift; path = SelectorView.swift; sourceTree = "<group>"; };
		292DD4E823F9F291007166E0 /* TextFieldView.swift */ = {isa = PBXFileReference; lastKnownFileType = sourcecode.swift; path = TextFieldView.swift; sourceTree = "<group>"; };
		292DD4ED23F9F7B9007166E0 /* SelectorButton.swift */ = {isa = PBXFileReference; lastKnownFileType = sourcecode.swift; path = SelectorButton.swift; sourceTree = "<group>"; };
		294B33A823D642D600D6BF14 /* BannerView.swift */ = {isa = PBXFileReference; lastKnownFileType = sourcecode.swift; path = BannerView.swift; sourceTree = "<group>"; };
		294B33AB23D6436000D6BF14 /* SelectorView.swift */ = {isa = PBXFileReference; lastKnownFileType = sourcecode.swift; path = SelectorView.swift; sourceTree = "<group>"; };
		294B33AE23D64A2C00D6BF14 /* CustomSlider.swift */ = {isa = PBXFileReference; lastKnownFileType = sourcecode.swift; path = CustomSlider.swift; sourceTree = "<group>"; };
		294B33B423D6500E00D6BF14 /* TextFieldView.swift */ = {isa = PBXFileReference; lastKnownFileType = sourcecode.swift; path = TextFieldView.swift; sourceTree = "<group>"; };
		294BA21E244A534600C809DD /* HealthKitHelper.swift */ = {isa = PBXFileReference; lastKnownFileType = sourcecode.swift; path = HealthKitHelper.swift; sourceTree = "<group>"; };
		294BBB8F23A44C6D0022AC8C /* Gotham-Thin.otf */ = {isa = PBXFileReference; lastKnownFileType = file; path = "Gotham-Thin.otf"; sourceTree = "<group>"; };
		294BBB9023A44C6D0022AC8C /* Gotham-Bold.otf */ = {isa = PBXFileReference; lastKnownFileType = file; path = "Gotham-Bold.otf"; sourceTree = "<group>"; };
		294BBB9123A44C6D0022AC8C /* Gotham-Book.otf */ = {isa = PBXFileReference; lastKnownFileType = file; path = "Gotham-Book.otf"; sourceTree = "<group>"; };
		294BBB9223A44C6D0022AC8C /* Gotham-UltraItalic.otf */ = {isa = PBXFileReference; lastKnownFileType = file; path = "Gotham-UltraItalic.otf"; sourceTree = "<group>"; };
		294BBB9323A44C6D0022AC8C /* Gotham-Medium.otf */ = {isa = PBXFileReference; lastKnownFileType = file; path = "Gotham-Medium.otf"; sourceTree = "<group>"; };
		294BBB9423A44C6D0022AC8C /* Gotham-LightItalic.otf */ = {isa = PBXFileReference; lastKnownFileType = file; path = "Gotham-LightItalic.otf"; sourceTree = "<group>"; };
		294BBB9523A44C6D0022AC8C /* Gotham-Ultra.otf */ = {isa = PBXFileReference; lastKnownFileType = file; path = "Gotham-Ultra.otf"; sourceTree = "<group>"; };
		294BBB9623A44C6D0022AC8C /* Gotham-BoldItalic.otf */ = {isa = PBXFileReference; lastKnownFileType = file; path = "Gotham-BoldItalic.otf"; sourceTree = "<group>"; };
		294BBB9723A44C6E0022AC8C /* Gotham-MediumItalic.otf */ = {isa = PBXFileReference; lastKnownFileType = file; path = "Gotham-MediumItalic.otf"; sourceTree = "<group>"; };
		294BBB9823A44C6E0022AC8C /* Gotham-XLight.otf */ = {isa = PBXFileReference; lastKnownFileType = file; path = "Gotham-XLight.otf"; sourceTree = "<group>"; };
		294BBB9923A44C6E0022AC8C /* Gotham-BookItalic.otf */ = {isa = PBXFileReference; lastKnownFileType = file; path = "Gotham-BookItalic.otf"; sourceTree = "<group>"; };
		294BBB9A23A44C6E0022AC8C /* Gotham-Black.otf */ = {isa = PBXFileReference; lastKnownFileType = file; path = "Gotham-Black.otf"; sourceTree = "<group>"; };
		294BBB9B23A44C6E0022AC8C /* Gotham-XLightItalic.otf */ = {isa = PBXFileReference; lastKnownFileType = file; path = "Gotham-XLightItalic.otf"; sourceTree = "<group>"; };
		294BBB9C23A44C6E0022AC8C /* Gotham-ThinItalic.otf */ = {isa = PBXFileReference; lastKnownFileType = file; path = "Gotham-ThinItalic.otf"; sourceTree = "<group>"; };
		294BBB9D23A44C6E0022AC8C /* Gotham-BlackItalic.otf */ = {isa = PBXFileReference; lastKnownFileType = file; path = "Gotham-BlackItalic.otf"; sourceTree = "<group>"; };
		294BBB9E23A44C6E0022AC8C /* Gotham-Light.otf */ = {isa = PBXFileReference; lastKnownFileType = file; path = "Gotham-Light.otf"; sourceTree = "<group>"; };
		294BBBF023A44CA00022AC8C /* WatchNShapeSets-Bridging-Header.h */ = {isa = PBXFileReference; lastKnownFileType = sourcecode.c.h; path = "WatchNShapeSets-Bridging-Header.h"; sourceTree = "<group>"; };
		294BBBF123A44CA00022AC8C /* Constants.swift */ = {isa = PBXFileReference; lastKnownFileType = sourcecode.swift; path = Constants.swift; sourceTree = "<group>"; };
		295AFFBC239C21F8003E24C6 /* BackgroundView.swift */ = {isa = PBXFileReference; lastKnownFileType = sourcecode.swift; path = BackgroundView.swift; sourceTree = "<group>"; };
		295AFFC1239C2552003E24C6 /* Palette.swift */ = {isa = PBXFileReference; lastKnownFileType = sourcecode.swift; path = Palette.swift; sourceTree = "<group>"; };
		296528F723DF7C2100C203F8 /* ActiveView.swift */ = {isa = PBXFileReference; lastKnownFileType = sourcecode.swift; path = ActiveView.swift; sourceTree = "<group>"; };
		296528FB23DF7F6B00C203F8 /* RestView.swift */ = {isa = PBXFileReference; lastKnownFileType = sourcecode.swift; path = RestView.swift; sourceTree = "<group>"; };
		296528FF23E9A32E00C203F8 /* TimerWrapper.swift */ = {isa = PBXFileReference; lastKnownFileType = sourcecode.swift; path = TimerWrapper.swift; sourceTree = "<group>"; };
		2965290523F09E1B00C203F8 /* AppExtensions.swift */ = {isa = PBXFileReference; lastKnownFileType = sourcecode.swift; path = AppExtensions.swift; sourceTree = "<group>"; };
		297C8CA4241908D200D7583E /* Wrappers.swift */ = {isa = PBXFileReference; lastKnownFileType = sourcecode.swift; path = Wrappers.swift; sourceTree = "<group>"; };
		297FDD1623FB896200D9E56E /* SetupView.swift */ = {isa = PBXFileReference; lastKnownFileType = sourcecode.swift; path = SetupView.swift; sourceTree = "<group>"; };
		297FDD1823FB8EA000D9E56E /* NavigationButton.swift */ = {isa = PBXFileReference; lastKnownFileType = sourcecode.swift; path = NavigationButton.swift; sourceTree = "<group>"; };
		29A4AEF624148F15005A446E /* NShapeSets.entitlements */ = {isa = PBXFileReference; lastKnownFileType = text.plist.entitlements; path = NShapeSets.entitlements; sourceTree = "<group>"; };
		29A4AEF824148F15005A446E /* HealthKit.framework */ = {isa = PBXFileReference; lastKnownFileType = wrapper.framework; name = HealthKit.framework; path = System/Library/Frameworks/HealthKit.framework; sourceTree = SDKROOT; };
		29A4AEFA24148F67005A446E /* WatchNShapeSets WatchKit Extension.entitlements */ = {isa = PBXFileReference; lastKnownFileType = text.plist.entitlements; path = "WatchNShapeSets WatchKit Extension.entitlements"; sourceTree = "<group>"; };
		29A4AEFB24148F67005A446E /* HealthKit.framework */ = {isa = PBXFileReference; lastKnownFileType = wrapper.framework; name = HealthKit.framework; path = Platforms/WatchOS.platform/Developer/SDKs/WatchOS6.1.sdk/System/Library/Frameworks/HealthKit.framework; sourceTree = DEVELOPER_DIR; };
		29A4AEFF241591E0005A446E /* HealthKitHelper.swift */ = {isa = PBXFileReference; fileEncoding = 4; lastKnownFileType = sourcecode.swift; path = HealthKitHelper.swift; sourceTree = "<group>"; };
		29B10F9123D8F57500BD9700 /* TypeExtensions.swift */ = {isa = PBXFileReference; lastKnownFileType = sourcecode.swift; path = TypeExtensions.swift; sourceTree = "<group>"; };
		29B45DC8241E826000CB1D02 /* WorkoutSessionContext.swift */ = {isa = PBXFileReference; lastKnownFileType = sourcecode.swift; path = WorkoutSessionContext.swift; sourceTree = "<group>"; };
		29B77580242FB10200EDD23D /* TimeHelper.swift */ = {isa = PBXFileReference; lastKnownFileType = sourcecode.swift; path = TimeHelper.swift; sourceTree = "<group>"; };
		29BDC1AB2408740200CC2B7D /* HapticHelper.swift */ = {isa = PBXFileReference; lastKnownFileType = sourcecode.swift; path = HapticHelper.swift; sourceTree = "<group>"; };
		29C956192393042500373031 /* NShapeSets.app */ = {isa = PBXFileReference; explicitFileType = wrapper.application; includeInIndex = 0; path = NShapeSets.app; sourceTree = BUILT_PRODUCTS_DIR; };
		29C9561C2393042500373031 /* AppDelegate.swift */ = {isa = PBXFileReference; lastKnownFileType = sourcecode.swift; path = AppDelegate.swift; sourceTree = "<group>"; };
		29C9561E2393042500373031 /* SceneDelegate.swift */ = {isa = PBXFileReference; lastKnownFileType = sourcecode.swift; path = SceneDelegate.swift; sourceTree = "<group>"; };
		29C956202393042500373031 /* ContentView.swift */ = {isa = PBXFileReference; lastKnownFileType = sourcecode.swift; path = ContentView.swift; sourceTree = "<group>"; };
		29C956222393042800373031 /* Assets.xcassets */ = {isa = PBXFileReference; lastKnownFileType = folder.assetcatalog; path = Assets.xcassets; sourceTree = "<group>"; };
		29C956252393042800373031 /* Preview Assets.xcassets */ = {isa = PBXFileReference; lastKnownFileType = folder.assetcatalog; path = "Preview Assets.xcassets"; sourceTree = "<group>"; };
		29C956282393042800373031 /* Base */ = {isa = PBXFileReference; lastKnownFileType = file.storyboard; name = Base; path = Base.lproj/LaunchScreen.storyboard; sourceTree = "<group>"; };
		29C9562A2393042800373031 /* Info.plist */ = {isa = PBXFileReference; lastKnownFileType = text.plist.xml; path = Info.plist; sourceTree = "<group>"; };
		29C9562F2393042800373031 /* NShapeSetsTests.xctest */ = {isa = PBXFileReference; explicitFileType = wrapper.cfbundle; includeInIndex = 0; path = NShapeSetsTests.xctest; sourceTree = BUILT_PRODUCTS_DIR; };
		29C956332393042800373031 /* NShapeSetsTests.swift */ = {isa = PBXFileReference; lastKnownFileType = sourcecode.swift; path = NShapeSetsTests.swift; sourceTree = "<group>"; };
		29C956352393042800373031 /* Info.plist */ = {isa = PBXFileReference; lastKnownFileType = text.plist.xml; path = Info.plist; sourceTree = "<group>"; };
		29C9563A2393042800373031 /* NShapeSetsUITests.xctest */ = {isa = PBXFileReference; explicitFileType = wrapper.cfbundle; includeInIndex = 0; path = NShapeSetsUITests.xctest; sourceTree = BUILT_PRODUCTS_DIR; };
		29C9563E2393042800373031 /* NShapeSetsUITests.swift */ = {isa = PBXFileReference; lastKnownFileType = sourcecode.swift; path = NShapeSetsUITests.swift; sourceTree = "<group>"; };
		29C956402393042800373031 /* Info.plist */ = {isa = PBXFileReference; lastKnownFileType = text.plist.xml; path = Info.plist; sourceTree = "<group>"; };
		29CDDC1D23DB2340008BB4B8 /* ViewProtocols.swift */ = {isa = PBXFileReference; lastKnownFileType = sourcecode.swift; path = ViewProtocols.swift; sourceTree = "<group>"; };
		29CDDC2323DCC504008BB4B8 /* Workout.swift */ = {isa = PBXFileReference; lastKnownFileType = sourcecode.swift; path = Workout.swift; sourceTree = "<group>"; };
		29CDDC2723DCC6D3008BB4B8 /* ActiveWorkoutView.swift */ = {isa = PBXFileReference; lastKnownFileType = sourcecode.swift; path = ActiveWorkoutView.swift; sourceTree = "<group>"; };
		29CDDC2F23DCCD86008BB4B8 /* InfoView.swift */ = {isa = PBXFileReference; lastKnownFileType = sourcecode.swift; path = InfoView.swift; sourceTree = "<group>"; };
		29D43BE823A8394400C7981B /* StateModels.swift */ = {isa = PBXFileReference; lastKnownFileType = sourcecode.swift; path = StateModels.swift; sourceTree = "<group>"; };
		29DE9EA5240319AF00C6FE68 /* InstructionView.swift */ = {isa = PBXFileReference; lastKnownFileType = sourcecode.swift; path = InstructionView.swift; sourceTree = "<group>"; };
		29DE9EA724031A2000C6FE68 /* DetailView.swift */ = {isa = PBXFileReference; lastKnownFileType = sourcecode.swift; path = DetailView.swift; sourceTree = "<group>"; };
		29DE9EA924031C7E00C6FE68 /* ActiveView.swift */ = {isa = PBXFileReference; lastKnownFileType = sourcecode.swift; path = ActiveView.swift; sourceTree = "<group>"; };
		29DE9EAB24031C8900C6FE68 /* RestView.swift */ = {isa = PBXFileReference; lastKnownFileType = sourcecode.swift; path = RestView.swift; sourceTree = "<group>"; };
		29F51C9923F88F12002E8498 /* AudioUtil.swift */ = {isa = PBXFileReference; lastKnownFileType = sourcecode.swift; path = AudioUtil.swift; sourceTree = "<group>"; };
		29F51C9D240195FC002E8498 /* ActiveWorkoutView.swift */ = {isa = PBXFileReference; lastKnownFileType = sourcecode.swift; path = ActiveWorkoutView.swift; sourceTree = "<group>"; };
		29F51CA12403FE70002E8498 /* PrimaryButton.swift */ = {isa = PBXFileReference; lastKnownFileType = sourcecode.swift; path = PrimaryButton.swift; sourceTree = "<group>"; };
		29FDE47C2395B28B0061EF5E /* SetupView.swift */ = {isa = PBXFileReference; lastKnownFileType = sourcecode.swift; path = SetupView.swift; sourceTree = "<group>"; };
		29FDE4822395B2EB0061EF5E /* HostingController.swift */ = {isa = PBXFileReference; lastKnownFileType = sourcecode.swift; path = HostingController.swift; sourceTree = "<group>"; };
/* End PBXFileReference section */

/* Begin PBXFrameworksBuildPhase section */
		29201EF123988F600016DF8C /* Frameworks */ = {
			isa = PBXFrameworksBuildPhase;
			buildActionMask = 2147483647;
			files = (
				29A4AEFC24148F67005A446E /* HealthKit.framework in Frameworks */,
			);
			runOnlyForDeploymentPostprocessing = 0;
		};
		29C956162393042500373031 /* Frameworks */ = {
			isa = PBXFrameworksBuildPhase;
			buildActionMask = 2147483647;
			files = (
				29A4AEF924148F15005A446E /* HealthKit.framework in Frameworks */,
			);
			runOnlyForDeploymentPostprocessing = 0;
		};
		29C9562C2393042800373031 /* Frameworks */ = {
			isa = PBXFrameworksBuildPhase;
			buildActionMask = 2147483647;
			files = (
			);
			runOnlyForDeploymentPostprocessing = 0;
		};
		29C956372393042800373031 /* Frameworks */ = {
			isa = PBXFrameworksBuildPhase;
			buildActionMask = 2147483647;
			files = (
			);
			runOnlyForDeploymentPostprocessing = 0;
		};
/* End PBXFrameworksBuildPhase section */

/* Begin PBXGroup section */
		2911C2AD23A59A9200405306 /* Extensions */ = {
			isa = PBXGroup;
			children = (
				2911C2AE23A59AB500405306 /* TypefaceExtensions.swift */,
				29B10F9123D8F57500BD9700 /* TypeExtensions.swift */,
				2965290523F09E1B00C203F8 /* AppExtensions.swift */,
			);
			path = Extensions;
			sourceTree = "<group>";
		};
		29201EE923988F5F0016DF8C /* WatchNShapeSets WatchKit App */ = {
			isa = PBXGroup;
			children = (
				29201EEA23988F5F0016DF8C /* Interface.storyboard */,
				29201EED23988F600016DF8C /* Assets.xcassets */,
				29201EEF23988F600016DF8C /* Info.plist */,
			);
			path = "WatchNShapeSets WatchKit App";
			sourceTree = "<group>";
		};
		29201EF823988F600016DF8C /* WatchNShapeSets WatchKit Extension */ = {
			isa = PBXGroup;
			children = (
				29B45DC7241E824900CB1D02 /* HealthKit */,
				29A4AEFA24148F67005A446E /* WatchNShapeSets WatchKit Extension.entitlements */,
				29BDC1AA240873E800CC2B7D /* Helpers */,
				292DD4DE23F9EE73007166E0 /* Components */,
				292DD4DD23F9EE6D007166E0 /* Controller */,
				292DD4DC23F9EE64007166E0 /* Views */,
				29201EFD23988F600016DF8C /* ExtensionDelegate.swift */,
				29201EFF23988F600016DF8C /* NotificationController.swift */,
				29201F0123988F600016DF8C /* NotificationView.swift */,
				29201F0323988F600016DF8C /* ComplicationController.swift */,
				29201F0523988F610016DF8C /* Assets.xcassets */,
				29201F0A23988F610016DF8C /* Info.plist */,
				29201F0B23988F610016DF8C /* PushNotificationPayload.apns */,
				29201F0723988F610016DF8C /* Preview Content */,
			);
			path = "WatchNShapeSets WatchKit Extension";
			sourceTree = "<group>";
		};
		29201F0723988F610016DF8C /* Preview Content */ = {
			isa = PBXGroup;
			children = (
				29201F0823988F610016DF8C /* Preview Assets.xcassets */,
			);
			path = "Preview Content";
			sourceTree = "<group>";
		};
		292DD4DC23F9EE64007166E0 /* Views */ = {
			isa = PBXGroup;
			children = (
				29201EF923988F600016DF8C /* ContentView.swift */,
				297FDD1623FB896200D9E56E /* SetupView.swift */,
				29F51C9D240195FC002E8498 /* ActiveWorkoutView.swift */,
			);
			path = Views;
			sourceTree = "<group>";
		};
		292DD4DD23F9EE6D007166E0 /* Controller */ = {
			isa = PBXGroup;
			children = (
				29201EFB23988F600016DF8C /* HostingController.swift */,
			);
			path = Controller;
			sourceTree = "<group>";
		};
		292DD4DE23F9EE73007166E0 /* Components */ = {
			isa = PBXGroup;
			children = (
				292DD4E823F9F291007166E0 /* TextFieldView.swift */,
				292DD4DF23F9EEE3007166E0 /* SelectorView.swift */,
				292DD4ED23F9F7B9007166E0 /* SelectorButton.swift */,
				297FDD1823FB8EA000D9E56E /* NavigationButton.swift */,
				29DE9EA5240319AF00C6FE68 /* InstructionView.swift */,
				29DE9EA724031A2000C6FE68 /* DetailView.swift */,
				29DE9EA924031C7E00C6FE68 /* ActiveView.swift */,
				29DE9EAB24031C8900C6FE68 /* RestView.swift */,
				29F51CA12403FE70002E8498 /* PrimaryButton.swift */,
			);
			path = Components;
			sourceTree = "<group>";
		};
		294BBB8E23A44C380022AC8C /* Fonts */ = {
			isa = PBXGroup;
			children = (
				294BBB9A23A44C6E0022AC8C /* Gotham-Black.otf */,
				294BBB9D23A44C6E0022AC8C /* Gotham-BlackItalic.otf */,
				294BBB9023A44C6D0022AC8C /* Gotham-Bold.otf */,
				294BBB9623A44C6D0022AC8C /* Gotham-BoldItalic.otf */,
				294BBB9123A44C6D0022AC8C /* Gotham-Book.otf */,
				294BBB9923A44C6E0022AC8C /* Gotham-BookItalic.otf */,
				294BBB9E23A44C6E0022AC8C /* Gotham-Light.otf */,
				294BBB9423A44C6D0022AC8C /* Gotham-LightItalic.otf */,
				294BBB9323A44C6D0022AC8C /* Gotham-Medium.otf */,
				294BBB9723A44C6E0022AC8C /* Gotham-MediumItalic.otf */,
				294BBB8F23A44C6D0022AC8C /* Gotham-Thin.otf */,
				294BBB9C23A44C6E0022AC8C /* Gotham-ThinItalic.otf */,
				294BBB9523A44C6D0022AC8C /* Gotham-Ultra.otf */,
				294BBB9223A44C6D0022AC8C /* Gotham-UltraItalic.otf */,
				294BBB9823A44C6E0022AC8C /* Gotham-XLight.otf */,
				294BBB9B23A44C6E0022AC8C /* Gotham-XLightItalic.otf */,
			);
			path = Fonts;
			sourceTree = "<group>";
		};
		294BBBEF23A44C850022AC8C /* Helpers */ = {
			isa = PBXGroup;
			children = (
				294BBBF123A44CA00022AC8C /* Constants.swift */,
				294BBBF023A44CA00022AC8C /* WatchNShapeSets-Bridging-Header.h */,
				296528FF23E9A32E00C203F8 /* TimerWrapper.swift */,
				29F51C9923F88F12002E8498 /* AudioUtil.swift */,
				29B77580242FB10200EDD23D /* TimeHelper.swift */,
				294BA21E244A534600C809DD /* HealthKitHelper.swift */,
			);
			path = Helpers;
			sourceTree = "<group>";
		};
		295AFFBB239C2154003E24C6 /* Components */ = {
			isa = PBXGroup;
			children = (
				295AFFBC239C21F8003E24C6 /* BackgroundView.swift */,
				294B33A823D642D600D6BF14 /* BannerView.swift */,
				294B33AB23D6436000D6BF14 /* SelectorView.swift */,
				294B33AE23D64A2C00D6BF14 /* CustomSlider.swift */,
				294B33B423D6500E00D6BF14 /* TextFieldView.swift */,
				29CDDC2F23DCCD86008BB4B8 /* InfoView.swift */,
				296528F723DF7C2100C203F8 /* ActiveView.swift */,
				296528FB23DF7F6B00C203F8 /* RestView.swift */,
			);
			path = Components;
			sourceTree = "<group>";
		};
		295AFFBF239C2520003E24C6 /* Theming */ = {
			isa = PBXGroup;
			children = (
				295AFFC1239C2552003E24C6 /* Palette.swift */,
			);
			path = Theming;
			sourceTree = "<group>";
		};
		29A4AEF724148F15005A446E /* Frameworks */ = {
			isa = PBXGroup;
			children = (
				29A4AEFB24148F67005A446E /* HealthKit.framework */,
				29A4AEF824148F15005A446E /* HealthKit.framework */,
			);
			name = Frameworks;
			sourceTree = "<group>";
		};
		29B45DC7241E824900CB1D02 /* HealthKit */ = {
			isa = PBXGroup;
			children = (
				29B45DC8241E826000CB1D02 /* WorkoutSessionContext.swift */,
			);
			path = HealthKit;
			sourceTree = "<group>";
		};
		29BDC1AA240873E800CC2B7D /* Helpers */ = {
			isa = PBXGroup;
			children = (
				29A4AEFF241591E0005A446E /* HealthKitHelper.swift */,
				29BDC1AB2408740200CC2B7D /* HapticHelper.swift */,
			);
			path = Helpers;
			sourceTree = "<group>";
		};
		29C956102393042500373031 = {
			isa = PBXGroup;
			children = (
				29C9561B2393042500373031 /* NShapeSets */,
				29C956322393042800373031 /* NShapeSetsTests */,
				29C9563D2393042800373031 /* NShapeSetsUITests */,
				29201EE923988F5F0016DF8C /* WatchNShapeSets WatchKit App */,
				29201EF823988F600016DF8C /* WatchNShapeSets WatchKit Extension */,
				29C9561A2393042500373031 /* Products */,
				29A4AEF724148F15005A446E /* Frameworks */,
			);
			sourceTree = "<group>";
		};
		29C9561A2393042500373031 /* Products */ = {
			isa = PBXGroup;
			children = (
				29C956192393042500373031 /* NShapeSets.app */,
				29C9562F2393042800373031 /* NShapeSetsTests.xctest */,
				29C9563A2393042800373031 /* NShapeSetsUITests.xctest */,
				29201EE223988F5F0016DF8C /* WatchNShapeSets.app */,
				29201EE523988F5F0016DF8C /* WatchNShapeSets WatchKit App.app */,
				29201EF423988F600016DF8C /* WatchNShapeSets WatchKit Extension.appex */,
			);
			name = Products;
			sourceTree = "<group>";
		};
		29C9561B2393042500373031 /* NShapeSets */ = {
			isa = PBXGroup;
			children = (
				29A4AEF624148F15005A446E /* NShapeSets.entitlements */,
				29CDDC1C23DB2322008BB4B8 /* Protocols */,
				29D43BE723A8392E00C7981B /* Models */,
				2911C2AD23A59A9200405306 /* Extensions */,
				294BBBEF23A44C850022AC8C /* Helpers */,
				294BBB8E23A44C380022AC8C /* Fonts */,
				295AFFBF239C2520003E24C6 /* Theming */,
				295AFFBB239C2154003E24C6 /* Components */,
				29FDE4812395B2DA0061EF5E /* Controller */,
				29FDE4802395B2910061EF5E /* Views */,
				29C9561E2393042500373031 /* SceneDelegate.swift */,
				29C9561C2393042500373031 /* AppDelegate.swift */,
				29C956222393042800373031 /* Assets.xcassets */,
				29C956272393042800373031 /* LaunchScreen.storyboard */,
				29C9562A2393042800373031 /* Info.plist */,
				29C956242393042800373031 /* Preview Content */,
			);
			path = NShapeSets;
			sourceTree = "<group>";
		};
		29C956242393042800373031 /* Preview Content */ = {
			isa = PBXGroup;
			children = (
				29C956252393042800373031 /* Preview Assets.xcassets */,
			);
			path = "Preview Content";
			sourceTree = "<group>";
		};
		29C956322393042800373031 /* NShapeSetsTests */ = {
			isa = PBXGroup;
			children = (
				29C956332393042800373031 /* NShapeSetsTests.swift */,
				29C956352393042800373031 /* Info.plist */,
			);
			path = NShapeSetsTests;
			sourceTree = "<group>";
		};
		29C9563D2393042800373031 /* NShapeSetsUITests */ = {
			isa = PBXGroup;
			children = (
				29C9563E2393042800373031 /* NShapeSetsUITests.swift */,
				29C956402393042800373031 /* Info.plist */,
			);
			path = NShapeSetsUITests;
			sourceTree = "<group>";
		};
		29CDDC1C23DB2322008BB4B8 /* Protocols */ = {
			isa = PBXGroup;
			children = (
				29CDDC1D23DB2340008BB4B8 /* ViewProtocols.swift */,
			);
			path = Protocols;
			sourceTree = "<group>";
		};
		29D43BE723A8392E00C7981B /* Models */ = {
			isa = PBXGroup;
			children = (
				29D43BE823A8394400C7981B /* StateModels.swift */,
				29CDDC2323DCC504008BB4B8 /* Workout.swift */,
				297C8CA4241908D200D7583E /* Wrappers.swift */,
			);
			path = Models;
			sourceTree = "<group>";
		};
		29FDE4802395B2910061EF5E /* Views */ = {
			isa = PBXGroup;
			children = (
				29C956202393042500373031 /* ContentView.swift */,
				29FDE47C2395B28B0061EF5E /* SetupView.swift */,
				29CDDC2723DCC6D3008BB4B8 /* ActiveWorkoutView.swift */,
			);
			path = Views;
			sourceTree = "<group>";
		};
		29FDE4812395B2DA0061EF5E /* Controller */ = {
			isa = PBXGroup;
			children = (
				29FDE4822395B2EB0061EF5E /* HostingController.swift */,
			);
			path = Controller;
			sourceTree = "<group>";
		};
/* End PBXGroup section */

/* Begin PBXNativeTarget section */
		29201EE123988F5F0016DF8C /* WatchNShapeSets */ = {
			isa = PBXNativeTarget;
			buildConfigurationList = 29201F1623988F610016DF8C /* Build configuration list for PBXNativeTarget "WatchNShapeSets" */;
			buildPhases = (
				29201EE023988F5F0016DF8C /* Resources */,
				29201F0E23988F610016DF8C /* Embed Watch Content */,
			);
			buildRules = (
			);
			dependencies = (
				29201EE823988F5F0016DF8C /* PBXTargetDependency */,
			);
			name = WatchNShapeSets;
			productName = WatchNShapeSets;
			productReference = 29201EE223988F5F0016DF8C /* WatchNShapeSets.app */;
			productType = "com.apple.product-type.application.watchapp2-container";
		};
		29201EE423988F5F0016DF8C /* WatchNShapeSets WatchKit App */ = {
			isa = PBXNativeTarget;
			buildConfigurationList = 29201F1523988F610016DF8C /* Build configuration list for PBXNativeTarget "WatchNShapeSets WatchKit App" */;
			buildPhases = (
				29201EE323988F5F0016DF8C /* Resources */,
				29201F1123988F610016DF8C /* Embed App Extensions */,
			);
			buildRules = (
			);
			dependencies = (
				29201EF723988F600016DF8C /* PBXTargetDependency */,
			);
			name = "WatchNShapeSets WatchKit App";
			productName = "WatchNShapeSets WatchKit App";
			productReference = 29201EE523988F5F0016DF8C /* WatchNShapeSets WatchKit App.app */;
			productType = "com.apple.product-type.application.watchapp2";
		};
		29201EF323988F600016DF8C /* WatchNShapeSets WatchKit Extension */ = {
			isa = PBXNativeTarget;
			buildConfigurationList = 29201F1423988F610016DF8C /* Build configuration list for PBXNativeTarget "WatchNShapeSets WatchKit Extension" */;
			buildPhases = (
				29201EF023988F600016DF8C /* Sources */,
				29201EF123988F600016DF8C /* Frameworks */,
				29201EF223988F600016DF8C /* Resources */,
			);
			buildRules = (
			);
			dependencies = (
			);
			name = "WatchNShapeSets WatchKit Extension";
			productName = "WatchNShapeSets WatchKit Extension";
			productReference = 29201EF423988F600016DF8C /* WatchNShapeSets WatchKit Extension.appex */;
			productType = "com.apple.product-type.watchkit2-extension";
		};
		29C956182393042500373031 /* NShapeSets */ = {
			isa = PBXNativeTarget;
			buildConfigurationList = 29C956432393042800373031 /* Build configuration list for PBXNativeTarget "NShapeSets" */;
			buildPhases = (
				29C956152393042500373031 /* Sources */,
				29C956162393042500373031 /* Frameworks */,
				29C956172393042500373031 /* Resources */,
			);
			buildRules = (
			);
			dependencies = (
			);
			name = NShapeSets;
			productName = NShapeSets;
			productReference = 29C956192393042500373031 /* NShapeSets.app */;
			productType = "com.apple.product-type.application";
		};
		29C9562E2393042800373031 /* NShapeSetsTests */ = {
			isa = PBXNativeTarget;
			buildConfigurationList = 29C956462393042800373031 /* Build configuration list for PBXNativeTarget "NShapeSetsTests" */;
			buildPhases = (
				29C9562B2393042800373031 /* Sources */,
				29C9562C2393042800373031 /* Frameworks */,
				29C9562D2393042800373031 /* Resources */,
			);
			buildRules = (
			);
			dependencies = (
				29C956312393042800373031 /* PBXTargetDependency */,
			);
			name = NShapeSetsTests;
			productName = NShapeSetsTests;
			productReference = 29C9562F2393042800373031 /* NShapeSetsTests.xctest */;
			productType = "com.apple.product-type.bundle.unit-test";
		};
		29C956392393042800373031 /* NShapeSetsUITests */ = {
			isa = PBXNativeTarget;
			buildConfigurationList = 29C956492393042800373031 /* Build configuration list for PBXNativeTarget "NShapeSetsUITests" */;
			buildPhases = (
				29C956362393042800373031 /* Sources */,
				29C956372393042800373031 /* Frameworks */,
				29C956382393042800373031 /* Resources */,
			);
			buildRules = (
			);
			dependencies = (
				29C9563C2393042800373031 /* PBXTargetDependency */,
			);
			name = NShapeSetsUITests;
			productName = NShapeSetsUITests;
			productReference = 29C9563A2393042800373031 /* NShapeSetsUITests.xctest */;
			productType = "com.apple.product-type.bundle.ui-testing";
		};
/* End PBXNativeTarget section */

/* Begin PBXProject section */
		29C956112393042500373031 /* Project object */ = {
			isa = PBXProject;
			attributes = {
				LastSwiftUpdateCheck = 1120;
				LastUpgradeCheck = 1120;
				ORGANIZATIONNAME = "offensively-bad";
				TargetAttributes = {
					29201EE123988F5F0016DF8C = {
						CreatedOnToolsVersion = 11.2.1;
						LastSwiftMigration = 1130;
					};
					29201EE423988F5F0016DF8C = {
						CreatedOnToolsVersion = 11.2.1;
						LastSwiftMigration = 1120;
					};
					29201EF323988F600016DF8C = {
						CreatedOnToolsVersion = 11.2.1;
					};
					29C956182393042500373031 = {
						CreatedOnToolsVersion = 11.2.1;
					};
					29C9562E2393042800373031 = {
						CreatedOnToolsVersion = 11.2.1;
						TestTargetID = 29C956182393042500373031;
					};
					29C956392393042800373031 = {
						CreatedOnToolsVersion = 11.2.1;
						TestTargetID = 29C956182393042500373031;
					};
				};
			};
			buildConfigurationList = 29C956142393042500373031 /* Build configuration list for PBXProject "NShapeSets" */;
			compatibilityVersion = "Xcode 9.3";
			developmentRegion = en;
			hasScannedForEncodings = 0;
			knownRegions = (
				en,
				Base,
			);
			mainGroup = 29C956102393042500373031;
			productRefGroup = 29C9561A2393042500373031 /* Products */;
			projectDirPath = "";
			projectRoot = "";
			targets = (
				29C956182393042500373031 /* NShapeSets */,
				29C9562E2393042800373031 /* NShapeSetsTests */,
				29C956392393042800373031 /* NShapeSetsUITests */,
				29201EE123988F5F0016DF8C /* WatchNShapeSets */,
				29201EE423988F5F0016DF8C /* WatchNShapeSets WatchKit App */,
				29201EF323988F600016DF8C /* WatchNShapeSets WatchKit Extension */,
			);
		};
/* End PBXProject section */

/* Begin PBXResourcesBuildPhase section */
		29201EE023988F5F0016DF8C /* Resources */ = {
			isa = PBXResourcesBuildPhase;
			buildActionMask = 2147483647;
			files = (
				294BBBC423A44C6E0022AC8C /* Gotham-BoldItalic.otf in Resources */,
				294BBBE723A44C6E0022AC8C /* Gotham-BlackItalic.otf in Resources */,
				294BBBD823A44C6E0022AC8C /* Gotham-Black.otf in Resources */,
				294BBBDD23A44C6E0022AC8C /* Gotham-XLightItalic.otf in Resources */,
				294BBBC923A44C6E0022AC8C /* Gotham-MediumItalic.otf in Resources */,
				294BBBB023A44C6E0022AC8C /* Gotham-UltraItalic.otf in Resources */,
				292DD4E523F9F1EF007166E0 /* Assets.xcassets in Resources */,
				294BBBAB23A44C6E0022AC8C /* Gotham-Book.otf in Resources */,
				294BBBBA23A44C6E0022AC8C /* Gotham-LightItalic.otf in Resources */,
				294BBBA623A44C6E0022AC8C /* Gotham-Bold.otf in Resources */,
				294BBBE223A44C6E0022AC8C /* Gotham-ThinItalic.otf in Resources */,
				294BBBA123A44C6E0022AC8C /* Gotham-Thin.otf in Resources */,
				294BBBB523A44C6E0022AC8C /* Gotham-Medium.otf in Resources */,
				294BBBEC23A44C6E0022AC8C /* Gotham-Light.otf in Resources */,
				294BBBD323A44C6E0022AC8C /* Gotham-BookItalic.otf in Resources */,
				294BBBBF23A44C6E0022AC8C /* Gotham-Ultra.otf in Resources */,
				294BBBCE23A44C6E0022AC8C /* Gotham-XLight.otf in Resources */,
			);
			runOnlyForDeploymentPostprocessing = 0;
		};
		29201EE323988F5F0016DF8C /* Resources */ = {
			isa = PBXResourcesBuildPhase;
			buildActionMask = 2147483647;
			files = (
				294BBBBB23A44C6E0022AC8C /* Gotham-LightItalic.otf in Resources */,
				294BBBD923A44C6E0022AC8C /* Gotham-Black.otf in Resources */,
				294BBBED23A44C6E0022AC8C /* Gotham-Light.otf in Resources */,
				292DD4E423F9F1EF007166E0 /* Assets.xcassets in Resources */,
				294BBBE323A44C6E0022AC8C /* Gotham-ThinItalic.otf in Resources */,
				294BBBDE23A44C6E0022AC8C /* Gotham-XLightItalic.otf in Resources */,
				294BBBB123A44C6E0022AC8C /* Gotham-UltraItalic.otf in Resources */,
				294BBBA723A44C6E0022AC8C /* Gotham-Bold.otf in Resources */,
				294BBBA223A44C6E0022AC8C /* Gotham-Thin.otf in Resources */,
				294BBBB623A44C6E0022AC8C /* Gotham-Medium.otf in Resources */,
				294BBBE823A44C6E0022AC8C /* Gotham-BlackItalic.otf in Resources */,
				294BBBD423A44C6E0022AC8C /* Gotham-BookItalic.otf in Resources */,
				294BBBC023A44C6E0022AC8C /* Gotham-Ultra.otf in Resources */,
				294BBBCA23A44C6E0022AC8C /* Gotham-MediumItalic.otf in Resources */,
				294BBBAC23A44C6E0022AC8C /* Gotham-Book.otf in Resources */,
				29201EEE23988F600016DF8C /* Assets.xcassets in Resources */,
				294BBBCF23A44C6E0022AC8C /* Gotham-XLight.otf in Resources */,
				294BBBC523A44C6E0022AC8C /* Gotham-BoldItalic.otf in Resources */,
				29201EEC23988F5F0016DF8C /* Interface.storyboard in Resources */,
			);
			runOnlyForDeploymentPostprocessing = 0;
		};
		29201EF223988F600016DF8C /* Resources */ = {
			isa = PBXResourcesBuildPhase;
			buildActionMask = 2147483647;
			files = (
				294BBBBC23A44C6E0022AC8C /* Gotham-LightItalic.otf in Resources */,
				294BBBDA23A44C6E0022AC8C /* Gotham-Black.otf in Resources */,
				294BBBEE23A44C6E0022AC8C /* Gotham-Light.otf in Resources */,
				292DD4E323F9F1EE007166E0 /* Assets.xcassets in Resources */,
				294BBBE423A44C6E0022AC8C /* Gotham-ThinItalic.otf in Resources */,
				294BBBDF23A44C6E0022AC8C /* Gotham-XLightItalic.otf in Resources */,
				294BBBB223A44C6E0022AC8C /* Gotham-UltraItalic.otf in Resources */,
				294BBBA823A44C6E0022AC8C /* Gotham-Bold.otf in Resources */,
				294BBBA323A44C6E0022AC8C /* Gotham-Thin.otf in Resources */,
				294BBBB723A44C6E0022AC8C /* Gotham-Medium.otf in Resources */,
				294BBBE923A44C6E0022AC8C /* Gotham-BlackItalic.otf in Resources */,
				294BBBD523A44C6E0022AC8C /* Gotham-BookItalic.otf in Resources */,
				294BBBC123A44C6E0022AC8C /* Gotham-Ultra.otf in Resources */,
				294BBBCB23A44C6E0022AC8C /* Gotham-MediumItalic.otf in Resources */,
				294BBBAD23A44C6E0022AC8C /* Gotham-Book.otf in Resources */,
				29201F0923988F610016DF8C /* Preview Assets.xcassets in Resources */,
				294BBBD023A44C6E0022AC8C /* Gotham-XLight.otf in Resources */,
				294BBBC623A44C6E0022AC8C /* Gotham-BoldItalic.otf in Resources */,
				29201F0623988F610016DF8C /* Assets.xcassets in Resources */,
			);
			runOnlyForDeploymentPostprocessing = 0;
		};
		29C956172393042500373031 /* Resources */ = {
			isa = PBXResourcesBuildPhase;
			buildActionMask = 2147483647;
			files = (
				294BBBBD23A44C6E0022AC8C /* Gotham-Ultra.otf in Resources */,
				294BBBE523A44C6E0022AC8C /* Gotham-BlackItalic.otf in Resources */,
				294BBBDB23A44C6E0022AC8C /* Gotham-XLightItalic.otf in Resources */,
				294BBBCC23A44C6E0022AC8C /* Gotham-XLight.otf in Resources */,
				294BBBD123A44C6E0022AC8C /* Gotham-BookItalic.otf in Resources */,
				294BBBA923A44C6E0022AC8C /* Gotham-Book.otf in Resources */,
				294BBBA423A44C6E0022AC8C /* Gotham-Bold.otf in Resources */,
				294BBBE023A44C6E0022AC8C /* Gotham-ThinItalic.otf in Resources */,
				294BBBB823A44C6E0022AC8C /* Gotham-LightItalic.otf in Resources */,
				294BBBAE23A44C6E0022AC8C /* Gotham-UltraItalic.otf in Resources */,
				294BBBC223A44C6E0022AC8C /* Gotham-BoldItalic.otf in Resources */,
				29C956292393042800373031 /* LaunchScreen.storyboard in Resources */,
				29C956262393042800373031 /* Preview Assets.xcassets in Resources */,
				294BBBEA23A44C6E0022AC8C /* Gotham-Light.otf in Resources */,
				294BBB9F23A44C6E0022AC8C /* Gotham-Thin.otf in Resources */,
				294BBBB323A44C6E0022AC8C /* Gotham-Medium.otf in Resources */,
				294BBBC723A44C6E0022AC8C /* Gotham-MediumItalic.otf in Resources */,
				294BBBD623A44C6E0022AC8C /* Gotham-Black.otf in Resources */,
				29C956232393042800373031 /* Assets.xcassets in Resources */,
			);
			runOnlyForDeploymentPostprocessing = 0;
		};
		29C9562D2393042800373031 /* Resources */ = {
			isa = PBXResourcesBuildPhase;
			buildActionMask = 2147483647;
			files = (
				292DD4E723F9F1F0007166E0 /* Assets.xcassets in Resources */,
			);
			runOnlyForDeploymentPostprocessing = 0;
		};
		29C956382393042800373031 /* Resources */ = {
			isa = PBXResourcesBuildPhase;
			buildActionMask = 2147483647;
			files = (
				294BBBC323A44C6E0022AC8C /* Gotham-BoldItalic.otf in Resources */,
				294BBBE623A44C6E0022AC8C /* Gotham-BlackItalic.otf in Resources */,
				294BBBD723A44C6E0022AC8C /* Gotham-Black.otf in Resources */,
				294BBBDC23A44C6E0022AC8C /* Gotham-XLightItalic.otf in Resources */,
				294BBBC823A44C6E0022AC8C /* Gotham-MediumItalic.otf in Resources */,
				294BBBAF23A44C6E0022AC8C /* Gotham-UltraItalic.otf in Resources */,
				292DD4E623F9F1F0007166E0 /* Assets.xcassets in Resources */,
				294BBBAA23A44C6E0022AC8C /* Gotham-Book.otf in Resources */,
				294BBBB923A44C6E0022AC8C /* Gotham-LightItalic.otf in Resources */,
				294BBBA523A44C6E0022AC8C /* Gotham-Bold.otf in Resources */,
				294BBBE123A44C6E0022AC8C /* Gotham-ThinItalic.otf in Resources */,
				294BBBA023A44C6E0022AC8C /* Gotham-Thin.otf in Resources */,
				294BBBB423A44C6E0022AC8C /* Gotham-Medium.otf in Resources */,
				294BBBEB23A44C6E0022AC8C /* Gotham-Light.otf in Resources */,
				294BBBD223A44C6E0022AC8C /* Gotham-BookItalic.otf in Resources */,
				294BBBBE23A44C6E0022AC8C /* Gotham-Ultra.otf in Resources */,
				294BBBCD23A44C6E0022AC8C /* Gotham-XLight.otf in Resources */,
			);
			runOnlyForDeploymentPostprocessing = 0;
		};
/* End PBXResourcesBuildPhase section */

/* Begin PBXSourcesBuildPhase section */
		29201EF023988F600016DF8C /* Sources */ = {
			isa = PBXSourcesBuildPhase;
			buildActionMask = 2147483647;
			files = (
				29B45DC9241E826000CB1D02 /* WorkoutSessionContext.swift in Sources */,
				29201EFC23988F600016DF8C /* HostingController.swift in Sources */,
				292DD4E123F9F0F1007166E0 /* Palette.swift in Sources */,
				292DD4EB23F9F4DA007166E0 /* TextFieldView.swift in Sources */,
				2911C2B223A59AB500405306 /* TypefaceExtensions.swift in Sources */,
				29201EFA23988F600016DF8C /* ContentView.swift in Sources */,
				29F51C9F24019704002E8498 /* Workout.swift in Sources */,
				29F51CA22403FE70002E8498 /* PrimaryButton.swift in Sources */,
				292DD4EA23F9F4CF007166E0 /* SelectorView.swift in Sources */,
				297C8CA82419096900D7583E /* Wrappers.swift in Sources */,
				29A4AF01241591E0005A446E /* HealthKitHelper.swift in Sources */,
				2943657024312F3900A7A476 /* TimeHelper.swift in Sources */,
				292DD4EE23F9F7B9007166E0 /* SelectorButton.swift in Sources */,
				29DE9EAA24031C7E00C6FE68 /* ActiveView.swift in Sources */,
				29BDC1AC2408740200CC2B7D /* HapticHelper.swift in Sources */,
				292DD4EC23F9F518007166E0 /* TypeExtensions.swift in Sources */,
				29DE9EA6240319AF00C6FE68 /* InstructionView.swift in Sources */,
				29DE9EA824031A2000C6FE68 /* DetailView.swift in Sources */,
				29DE9EAC24031C8900C6FE68 /* RestView.swift in Sources */,
				29201F0023988F600016DF8C /* NotificationController.swift in Sources */,
				29201EFE23988F600016DF8C /* ExtensionDelegate.swift in Sources */,
				294BBBF523A44CA00022AC8C /* Constants.swift in Sources */,
				29201F0223988F600016DF8C /* NotificationView.swift in Sources */,
				29D43BEC23A8394400C7981B /* StateModels.swift in Sources */,
				29F51CA02401970A002E8498 /* TimerWrapper.swift in Sources */,
				297FDD1923FB8EA000D9E56E /* NavigationButton.swift in Sources */,
				297FDD1723FB896200D9E56E /* SetupView.swift in Sources */,
				29F51C9E240195FC002E8498 /* ActiveWorkoutView.swift in Sources */,
				29201F0423988F600016DF8C /* ComplicationController.swift in Sources */,
			);
			runOnlyForDeploymentPostprocessing = 0;
		};
		29C956152393042500373031 /* Sources */ = {
			isa = PBXSourcesBuildPhase;
			buildActionMask = 2147483647;
			files = (
				295AFFBD239C21F8003E24C6 /* BackgroundView.swift in Sources */,
				29FDE4832395B2EB0061EF5E /* HostingController.swift in Sources */,
				296528F823DF7C2100C203F8 /* ActiveView.swift in Sources */,
				29CDDC2823DCC6D3008BB4B8 /* ActiveWorkoutView.swift in Sources */,
				29C9561D2393042500373031 /* AppDelegate.swift in Sources */,
				29D43BE923A8394400C7981B /* StateModels.swift in Sources */,
				29C9561F2393042500373031 /* SceneDelegate.swift in Sources */,
				29CDDC3023DCCD86008BB4B8 /* InfoView.swift in Sources */,
				294B33AC23D6436000D6BF14 /* SelectorView.swift in Sources */,
				29FDE47D2395B28B0061EF5E /* SetupView.swift in Sources */,
				29C956212393042500373031 /* ContentView.swift in Sources */,
				297C8CA5241908D200D7583E /* Wrappers.swift in Sources */,
				294B33B523D6500E00D6BF14 /* TextFieldView.swift in Sources */,
				295AFFC2239C2552003E24C6 /* Palette.swift in Sources */,
				29B77581242FB10200EDD23D /* TimeHelper.swift in Sources */,
				294B33A923D642D600D6BF14 /* BannerView.swift in Sources */,
				294B33AF23D64A2C00D6BF14 /* CustomSlider.swift in Sources */,
				294BBBF223A44CA00022AC8C /* Constants.swift in Sources */,
				296528FC23DF7F6B00C203F8 /* RestView.swift in Sources */,
				294BA21F244A534600C809DD /* HealthKitHelper.swift in Sources */,
				2965290023E9A32E00C203F8 /* TimerWrapper.swift in Sources */,
				29F51C9A23F88F12002E8498 /* AudioUtil.swift in Sources */,
				2965290623F09E1B00C203F8 /* AppExtensions.swift in Sources */,
				2911C2AF23A59AB500405306 /* TypefaceExtensions.swift in Sources */,
				29CDDC1E23DB2340008BB4B8 /* ViewProtocols.swift in Sources */,
				29CDDC2423DCC504008BB4B8 /* Workout.swift in Sources */,
				29B10F9223D8F57500BD9700 /* TypeExtensions.swift in Sources */,
			);
			runOnlyForDeploymentPostprocessing = 0;
		};
		29C9562B2393042800373031 /* Sources */ = {
			isa = PBXSourcesBuildPhase;
			buildActionMask = 2147483647;
			files = (
				29B77590242FB3C800EDD23D /* BackgroundView.swift in Sources */,
				29FDE4842395B2EB0061EF5E /* HostingController.swift in Sources */,
				2911C2B023A59AB500405306 /* TypefaceExtensions.swift in Sources */,
				29B77584242FB3A500EDD23D /* AppDelegate.swift in Sources */,
				29B77582242FB10200EDD23D /* TimeHelper.swift in Sources */,
				29CDDC2923DCC6D4008BB4B8 /* ActiveWorkoutView.swift in Sources */,
				29C956342393042800373031 /* NShapeSetsTests.swift in Sources */,
				29CDDC2523DCC504008BB4B8 /* Workout.swift in Sources */,
				29D43BEA23A8394400C7981B /* StateModels.swift in Sources */,
				2965290123E9A32E00C203F8 /* TimerWrapper.swift in Sources */,
				292DD4E223F9F0F7007166E0 /* Palette.swift in Sources */,
				29B7758C242FB3BD00EDD23D /* TextFieldView.swift in Sources */,
				29B77588242FB3AD00EDD23D /* SetupView.swift in Sources */,
				294BBBF323A44CA00022AC8C /* Constants.swift in Sources */,
				29B7758A242FB3B500EDD23D /* ContentView.swift in Sources */,
				29B7758E242FB3C300EDD23D /* SelectorView.swift in Sources */,
				29B10F9323D8F57500BD9700 /* TypeExtensions.swift in Sources */,
				297C8CA6241908D200D7583E /* Wrappers.swift in Sources */,
				29F51C9B23F88F12002E8498 /* AudioUtil.swift in Sources */,
				296528F923DF7C2100C203F8 /* ActiveView.swift in Sources */,
				29B77586242FB3A800EDD23D /* SceneDelegate.swift in Sources */,
				29B7758D242FB3C100EDD23D /* CustomSlider.swift in Sources */,
				294BA220244A534600C809DD /* HealthKitHelper.swift in Sources */,
				29CDDC3123DCCD86008BB4B8 /* InfoView.swift in Sources */,
				296528FD23DF7F6B00C203F8 /* RestView.swift in Sources */,
				29CDDC1F23DB2340008BB4B8 /* ViewProtocols.swift in Sources */,
				29B7758F242FB3C500EDD23D /* BannerView.swift in Sources */,
				2965290723F09E1B00C203F8 /* AppExtensions.swift in Sources */,
			);
			runOnlyForDeploymentPostprocessing = 0;
		};
		29C956362393042800373031 /* Sources */ = {
			isa = PBXSourcesBuildPhase;
			buildActionMask = 2147483647;
			files = (
				29B77585242FB3A500EDD23D /* AppDelegate.swift in Sources */,
				29F51C9C23F88F12002E8498 /* AudioUtil.swift in Sources */,
				29CDDC3223DCCD86008BB4B8 /* InfoView.swift in Sources */,
				294BBBF423A44CA00022AC8C /* Constants.swift in Sources */,
				294B33B023D64A2C00D6BF14 /* CustomSlider.swift in Sources */,
				295AFFBE239C21F8003E24C6 /* BackgroundView.swift in Sources */,
				297C8CA7241908D200D7583E /* Wrappers.swift in Sources */,
				29CDDC2023DB2340008BB4B8 /* ViewProtocols.swift in Sources */,
				294B33B623D6500E00D6BF14 /* TextFieldView.swift in Sources */,
				294B33AD23D6436000D6BF14 /* SelectorView.swift in Sources */,
				29B10F9423D8F57500BD9700 /* TypeExtensions.swift in Sources */,
				29FDE4852395B2EB0061EF5E /* HostingController.swift in Sources */,
				29CDDC2A23DCC6D4008BB4B8 /* ActiveWorkoutView.swift in Sources */,
				296528FA23DF7C2100C203F8 /* ActiveView.swift in Sources */,
				29B7758B242FB3B500EDD23D /* ContentView.swift in Sources */,
				29B77589242FB3AE00EDD23D /* SetupView.swift in Sources */,
				29C9563F2393042800373031 /* NShapeSetsUITests.swift in Sources */,
				29CDDC2623DCC504008BB4B8 /* Workout.swift in Sources */,
				294B33AA23D642D600D6BF14 /* BannerView.swift in Sources */,
				2965290223E9A32E00C203F8 /* TimerWrapper.swift in Sources */,
				2965290823F09E1B00C203F8 /* AppExtensions.swift in Sources */,
				295AFFC3239C2552003E24C6 /* Palette.swift in Sources */,
				294BA221244A534600C809DD /* HealthKitHelper.swift in Sources */,
				29B77587242FB3A900EDD23D /* SceneDelegate.swift in Sources */,
				29B77583242FB10200EDD23D /* TimeHelper.swift in Sources */,
				2911C2B123A59AB500405306 /* TypefaceExtensions.swift in Sources */,
				296528FE23DF7F6B00C203F8 /* RestView.swift in Sources */,
				29D43BEB23A8394400C7981B /* StateModels.swift in Sources */,
			);
			runOnlyForDeploymentPostprocessing = 0;
		};
/* End PBXSourcesBuildPhase section */

/* Begin PBXTargetDependency section */
		29201EE823988F5F0016DF8C /* PBXTargetDependency */ = {
			isa = PBXTargetDependency;
			target = 29201EE423988F5F0016DF8C /* WatchNShapeSets WatchKit App */;
			targetProxy = 29201EE723988F5F0016DF8C /* PBXContainerItemProxy */;
		};
		29201EF723988F600016DF8C /* PBXTargetDependency */ = {
			isa = PBXTargetDependency;
			target = 29201EF323988F600016DF8C /* WatchNShapeSets WatchKit Extension */;
			targetProxy = 29201EF623988F600016DF8C /* PBXContainerItemProxy */;
		};
		29C956312393042800373031 /* PBXTargetDependency */ = {
			isa = PBXTargetDependency;
			target = 29C956182393042500373031 /* NShapeSets */;
			targetProxy = 29C956302393042800373031 /* PBXContainerItemProxy */;
		};
		29C9563C2393042800373031 /* PBXTargetDependency */ = {
			isa = PBXTargetDependency;
			target = 29C956182393042500373031 /* NShapeSets */;
			targetProxy = 29C9563B2393042800373031 /* PBXContainerItemProxy */;
		};
/* End PBXTargetDependency section */

/* Begin PBXVariantGroup section */
		29201EEA23988F5F0016DF8C /* Interface.storyboard */ = {
			isa = PBXVariantGroup;
			children = (
				29201EEB23988F5F0016DF8C /* Base */,
			);
			name = Interface.storyboard;
			sourceTree = "<group>";
		};
		29C956272393042800373031 /* LaunchScreen.storyboard */ = {
			isa = PBXVariantGroup;
			children = (
				29C956282393042800373031 /* Base */,
			);
			name = LaunchScreen.storyboard;
			sourceTree = "<group>";
		};
/* End PBXVariantGroup section */

/* Begin XCBuildConfiguration section */
		29201F0C23988F610016DF8C /* Debug */ = {
			isa = XCBuildConfiguration;
			buildSettings = {
				CLANG_ENABLE_MODULES = YES;
				CODE_SIGN_STYLE = Automatic;
				CURRENT_PROJECT_VERSION = 1;
				DEVELOPMENT_TEAM = EWH85CQYYJ;
				LD_RUNPATH_SEARCH_PATHS = (
					"$(inherited)",
					"@executable_path/Frameworks",
					"@loader_path/Frameworks",
				);
				MARKETING_VERSION = 1.0;
				PRODUCT_BUNDLE_IDENTIFIER = "com.offensively-bad.WatchNShapeSets";
				PRODUCT_NAME = "$(TARGET_NAME)";
				SWIFT_OBJC_BRIDGING_HEADER = "NShapeSets/Helpers/WatchNShapeSets-Bridging-Header.h";
				SWIFT_OPTIMIZATION_LEVEL = "-Onone";
				SWIFT_VERSION = 5.0;
			};
			name = Debug;
		};
		29201F0D23988F610016DF8C /* Release */ = {
			isa = XCBuildConfiguration;
			buildSettings = {
				CLANG_ENABLE_MODULES = YES;
				CODE_SIGN_STYLE = Automatic;
				CURRENT_PROJECT_VERSION = 1;
				DEVELOPMENT_TEAM = EWH85CQYYJ;
				LD_RUNPATH_SEARCH_PATHS = (
					"$(inherited)",
					"@executable_path/Frameworks",
					"@loader_path/Frameworks",
				);
				MARKETING_VERSION = 1.0;
				PRODUCT_BUNDLE_IDENTIFIER = "com.offensively-bad.WatchNShapeSets";
				PRODUCT_NAME = "$(TARGET_NAME)";
				SWIFT_OBJC_BRIDGING_HEADER = "NShapeSets/Helpers/WatchNShapeSets-Bridging-Header.h";
				SWIFT_VERSION = 5.0;
			};
			name = Release;
		};
		29201F0F23988F610016DF8C /* Debug */ = {
			isa = XCBuildConfiguration;
			buildSettings = {
				ALWAYS_EMBED_SWIFT_STANDARD_LIBRARIES = YES;
				ASSETCATALOG_COMPILER_APPICON_NAME = AppIcon;
				CLANG_ENABLE_MODULES = YES;
				CODE_SIGN_STYLE = Automatic;
				DEVELOPMENT_TEAM = EWH85CQYYJ;
				IBSC_MODULE = WatchNShapeSets_WatchKit_Extension;
				INFOPLIST_FILE = "WatchNShapeSets WatchKit App/Info.plist";
				LD_RUNPATH_SEARCH_PATHS = (
					"$(inherited)",
					"@executable_path/../Frameworks",
					"@loader_path/../Frameworks",
				);
				PRODUCT_BUNDLE_IDENTIFIER = "com.offensively-bad.WatchNShapeSets.watchkitapp";
				PRODUCT_NAME = "$(TARGET_NAME)";
				SDKROOT = watchos;
				SKIP_INSTALL = YES;
				SWIFT_OBJC_BRIDGING_HEADER = "NShapeSets/Theming/WatchNShapeSets WatchKit App-Bridging-Header.h";
				SWIFT_OPTIMIZATION_LEVEL = "-Onone";
				SWIFT_VERSION = 5.0;
				TARGETED_DEVICE_FAMILY = 4;
				WATCHOS_DEPLOYMENT_TARGET = 6.1;
			};
			name = Debug;
		};
		29201F1023988F610016DF8C /* Release */ = {
			isa = XCBuildConfiguration;
			buildSettings = {
				ALWAYS_EMBED_SWIFT_STANDARD_LIBRARIES = YES;
				ASSETCATALOG_COMPILER_APPICON_NAME = AppIcon;
				CLANG_ENABLE_MODULES = YES;
				CODE_SIGN_STYLE = Automatic;
				DEVELOPMENT_TEAM = EWH85CQYYJ;
				IBSC_MODULE = WatchNShapeSets_WatchKit_Extension;
				INFOPLIST_FILE = "WatchNShapeSets WatchKit App/Info.plist";
				LD_RUNPATH_SEARCH_PATHS = (
					"$(inherited)",
					"@executable_path/../Frameworks",
					"@loader_path/../Frameworks",
				);
				PRODUCT_BUNDLE_IDENTIFIER = "com.offensively-bad.WatchNShapeSets.watchkitapp";
				PRODUCT_NAME = "$(TARGET_NAME)";
				SDKROOT = watchos;
				SKIP_INSTALL = YES;
				SWIFT_OBJC_BRIDGING_HEADER = "NShapeSets/Theming/WatchNShapeSets WatchKit App-Bridging-Header.h";
				SWIFT_VERSION = 5.0;
				TARGETED_DEVICE_FAMILY = 4;
				WATCHOS_DEPLOYMENT_TARGET = 6.1;
			};
			name = Release;
		};
		29201F1223988F610016DF8C /* Debug */ = {
			isa = XCBuildConfiguration;
			buildSettings = {
				ASSETCATALOG_COMPILER_COMPLICATION_NAME = Complication;
				CODE_SIGN_ENTITLEMENTS = "WatchNShapeSets WatchKit Extension/WatchNShapeSets WatchKit Extension.entitlements";
				CODE_SIGN_STYLE = Automatic;
				DEVELOPMENT_ASSET_PATHS = "\"WatchNShapeSets WatchKit Extension/Preview Content\"";
				DEVELOPMENT_TEAM = EWH85CQYYJ;
				ENABLE_PREVIEWS = YES;
				INFOPLIST_FILE = "WatchNShapeSets WatchKit Extension/Info.plist";
				LD_RUNPATH_SEARCH_PATHS = (
					"$(inherited)",
					"@executable_path/Frameworks",
					"@executable_path/../../Frameworks",
				);
				PRODUCT_BUNDLE_IDENTIFIER = "com.offensively-bad.WatchNShapeSets.watchkitapp.watchkitextension";
				PRODUCT_NAME = "${TARGET_NAME}";
				SDKROOT = watchos;
				SKIP_INSTALL = YES;
				SWIFT_VERSION = 5.0;
				TARGETED_DEVICE_FAMILY = 4;
				WATCHOS_DEPLOYMENT_TARGET = 6.1;
			};
			name = Debug;
		};
		29201F1323988F610016DF8C /* Release */ = {
			isa = XCBuildConfiguration;
			buildSettings = {
				ASSETCATALOG_COMPILER_COMPLICATION_NAME = Complication;
				CODE_SIGN_ENTITLEMENTS = "WatchNShapeSets WatchKit Extension/WatchNShapeSets WatchKit Extension.entitlements";
				CODE_SIGN_STYLE = Automatic;
				DEVELOPMENT_ASSET_PATHS = "\"WatchNShapeSets WatchKit Extension/Preview Content\"";
				DEVELOPMENT_TEAM = EWH85CQYYJ;
				ENABLE_PREVIEWS = YES;
				INFOPLIST_FILE = "WatchNShapeSets WatchKit Extension/Info.plist";
				LD_RUNPATH_SEARCH_PATHS = (
					"$(inherited)",
					"@executable_path/Frameworks",
					"@executable_path/../../Frameworks",
				);
				PRODUCT_BUNDLE_IDENTIFIER = "com.offensively-bad.WatchNShapeSets.watchkitapp.watchkitextension";
				PRODUCT_NAME = "${TARGET_NAME}";
				SDKROOT = watchos;
				SKIP_INSTALL = YES;
				SWIFT_VERSION = 5.0;
				TARGETED_DEVICE_FAMILY = 4;
				WATCHOS_DEPLOYMENT_TARGET = 6.1;
			};
			name = Release;
		};
		29C956412393042800373031 /* Debug */ = {
			isa = XCBuildConfiguration;
			buildSettings = {
				ALWAYS_SEARCH_USER_PATHS = NO;
				CLANG_ANALYZER_NONNULL = YES;
				CLANG_ANALYZER_NUMBER_OBJECT_CONVERSION = YES_AGGRESSIVE;
				CLANG_CXX_LANGUAGE_STANDARD = "gnu++14";
				CLANG_CXX_LIBRARY = "libc++";
				CLANG_ENABLE_MODULES = YES;
				CLANG_ENABLE_OBJC_ARC = YES;
				CLANG_ENABLE_OBJC_WEAK = YES;
				CLANG_WARN_BLOCK_CAPTURE_AUTORELEASING = YES;
				CLANG_WARN_BOOL_CONVERSION = YES;
				CLANG_WARN_COMMA = YES;
				CLANG_WARN_CONSTANT_CONVERSION = YES;
				CLANG_WARN_DEPRECATED_OBJC_IMPLEMENTATIONS = YES;
				CLANG_WARN_DIRECT_OBJC_ISA_USAGE = YES_ERROR;
				CLANG_WARN_DOCUMENTATION_COMMENTS = YES;
				CLANG_WARN_EMPTY_BODY = YES;
				CLANG_WARN_ENUM_CONVERSION = YES;
				CLANG_WARN_INFINITE_RECURSION = YES;
				CLANG_WARN_INT_CONVERSION = YES;
				CLANG_WARN_NON_LITERAL_NULL_CONVERSION = YES;
				CLANG_WARN_OBJC_IMPLICIT_RETAIN_SELF = YES;
				CLANG_WARN_OBJC_LITERAL_CONVERSION = YES;
				CLANG_WARN_OBJC_ROOT_CLASS = YES_ERROR;
				CLANG_WARN_RANGE_LOOP_ANALYSIS = YES;
				CLANG_WARN_STRICT_PROTOTYPES = YES;
				CLANG_WARN_SUSPICIOUS_MOVE = YES;
				CLANG_WARN_UNGUARDED_AVAILABILITY = YES_AGGRESSIVE;
				CLANG_WARN_UNREACHABLE_CODE = YES;
				CLANG_WARN__DUPLICATE_METHOD_MATCH = YES;
				COPY_PHASE_STRIP = NO;
				DEBUG_INFORMATION_FORMAT = dwarf;
				ENABLE_STRICT_OBJC_MSGSEND = YES;
				ENABLE_TESTABILITY = YES;
				GCC_C_LANGUAGE_STANDARD = gnu11;
				GCC_DYNAMIC_NO_PIC = NO;
				GCC_NO_COMMON_BLOCKS = YES;
				GCC_OPTIMIZATION_LEVEL = 0;
				GCC_PREPROCESSOR_DEFINITIONS = (
					"DEBUG=1",
					"$(inherited)",
				);
				GCC_WARN_64_TO_32_BIT_CONVERSION = YES;
				GCC_WARN_ABOUT_RETURN_TYPE = YES_ERROR;
				GCC_WARN_UNDECLARED_SELECTOR = YES;
				GCC_WARN_UNINITIALIZED_AUTOS = YES_AGGRESSIVE;
				GCC_WARN_UNUSED_FUNCTION = YES;
				GCC_WARN_UNUSED_VARIABLE = YES;
				IPHONEOS_DEPLOYMENT_TARGET = 13.2;
				MTL_ENABLE_DEBUG_INFO = INCLUDE_SOURCE;
				MTL_FAST_MATH = YES;
				ONLY_ACTIVE_ARCH = YES;
				PRODUCT_NAME = "";
				SDKROOT = iphoneos;
				SWIFT_ACTIVE_COMPILATION_CONDITIONS = DEBUG;
				SWIFT_OPTIMIZATION_LEVEL = "-Onone";
			};
			name = Debug;
		};
		29C956422393042800373031 /* Release */ = {
			isa = XCBuildConfiguration;
			buildSettings = {
				ALWAYS_SEARCH_USER_PATHS = NO;
				CLANG_ANALYZER_NONNULL = YES;
				CLANG_ANALYZER_NUMBER_OBJECT_CONVERSION = YES_AGGRESSIVE;
				CLANG_CXX_LANGUAGE_STANDARD = "gnu++14";
				CLANG_CXX_LIBRARY = "libc++";
				CLANG_ENABLE_MODULES = YES;
				CLANG_ENABLE_OBJC_ARC = YES;
				CLANG_ENABLE_OBJC_WEAK = YES;
				CLANG_WARN_BLOCK_CAPTURE_AUTORELEASING = YES;
				CLANG_WARN_BOOL_CONVERSION = YES;
				CLANG_WARN_COMMA = YES;
				CLANG_WARN_CONSTANT_CONVERSION = YES;
				CLANG_WARN_DEPRECATED_OBJC_IMPLEMENTATIONS = YES;
				CLANG_WARN_DIRECT_OBJC_ISA_USAGE = YES_ERROR;
				CLANG_WARN_DOCUMENTATION_COMMENTS = YES;
				CLANG_WARN_EMPTY_BODY = YES;
				CLANG_WARN_ENUM_CONVERSION = YES;
				CLANG_WARN_INFINITE_RECURSION = YES;
				CLANG_WARN_INT_CONVERSION = YES;
				CLANG_WARN_NON_LITERAL_NULL_CONVERSION = YES;
				CLANG_WARN_OBJC_IMPLICIT_RETAIN_SELF = YES;
				CLANG_WARN_OBJC_LITERAL_CONVERSION = YES;
				CLANG_WARN_OBJC_ROOT_CLASS = YES_ERROR;
				CLANG_WARN_RANGE_LOOP_ANALYSIS = YES;
				CLANG_WARN_STRICT_PROTOTYPES = YES;
				CLANG_WARN_SUSPICIOUS_MOVE = YES;
				CLANG_WARN_UNGUARDED_AVAILABILITY = YES_AGGRESSIVE;
				CLANG_WARN_UNREACHABLE_CODE = YES;
				CLANG_WARN__DUPLICATE_METHOD_MATCH = YES;
				COPY_PHASE_STRIP = NO;
				DEBUG_INFORMATION_FORMAT = "dwarf-with-dsym";
				ENABLE_NS_ASSERTIONS = NO;
				ENABLE_STRICT_OBJC_MSGSEND = YES;
				GCC_C_LANGUAGE_STANDARD = gnu11;
				GCC_NO_COMMON_BLOCKS = YES;
				GCC_WARN_64_TO_32_BIT_CONVERSION = YES;
				GCC_WARN_ABOUT_RETURN_TYPE = YES_ERROR;
				GCC_WARN_UNDECLARED_SELECTOR = YES;
				GCC_WARN_UNINITIALIZED_AUTOS = YES_AGGRESSIVE;
				GCC_WARN_UNUSED_FUNCTION = YES;
				GCC_WARN_UNUSED_VARIABLE = YES;
				IPHONEOS_DEPLOYMENT_TARGET = 13.2;
				MTL_ENABLE_DEBUG_INFO = NO;
				MTL_FAST_MATH = YES;
				SDKROOT = iphoneos;
				SWIFT_COMPILATION_MODE = wholemodule;
				SWIFT_OPTIMIZATION_LEVEL = "-O";
				VALIDATE_PRODUCT = YES;
			};
			name = Release;
		};
		29C956442393042800373031 /* Debug */ = {
			isa = XCBuildConfiguration;
			buildSettings = {
				ASSETCATALOG_COMPILER_APPICON_NAME = AppIcon;
				CODE_SIGN_ENTITLEMENTS = NShapeSets/NShapeSets.entitlements;
				CODE_SIGN_STYLE = Automatic;
				DEVELOPMENT_ASSET_PATHS = "\"NShapeSets/Preview Content\"";
				DEVELOPMENT_TEAM = EWH85CQYYJ;
				ENABLE_PREVIEWS = YES;
				INFOPLIST_FILE = NShapeSets/Info.plist;
				LD_RUNPATH_SEARCH_PATHS = (
					"$(inherited)",
					"@executable_path/Frameworks",
				);
				PRODUCT_BUNDLE_IDENTIFIER = "com.offensively-bad.NShapeSets";
				PRODUCT_NAME = "$(TARGET_NAME)";
				SWIFT_VERSION = 5.0;
				TARGETED_DEVICE_FAMILY = "1,2";
			};
			name = Debug;
		};
		29C956452393042800373031 /* Release */ = {
			isa = XCBuildConfiguration;
			buildSettings = {
				ASSETCATALOG_COMPILER_APPICON_NAME = AppIcon;
				CODE_SIGN_ENTITLEMENTS = NShapeSets/NShapeSets.entitlements;
				CODE_SIGN_STYLE = Automatic;
				DEVELOPMENT_ASSET_PATHS = "\"NShapeSets/Preview Content\"";
				DEVELOPMENT_TEAM = EWH85CQYYJ;
				ENABLE_PREVIEWS = YES;
				INFOPLIST_FILE = NShapeSets/Info.plist;
				LD_RUNPATH_SEARCH_PATHS = (
					"$(inherited)",
					"@executable_path/Frameworks",
				);
				PRODUCT_BUNDLE_IDENTIFIER = "com.offensively-bad.NShapeSets";
				PRODUCT_NAME = "$(TARGET_NAME)";
				SWIFT_VERSION = 5.0;
				TARGETED_DEVICE_FAMILY = "1,2";
			};
			name = Release;
		};
		29C956472393042800373031 /* Debug */ = {
			isa = XCBuildConfiguration;
			buildSettings = {
				ALWAYS_EMBED_SWIFT_STANDARD_LIBRARIES = YES;
				BUNDLE_LOADER = "$(TEST_HOST)";
				CODE_SIGN_STYLE = Automatic;
				DEVELOPMENT_TEAM = EWH85CQYYJ;
				INFOPLIST_FILE = NShapeSetsTests/Info.plist;
				IPHONEOS_DEPLOYMENT_TARGET = 13.2;
				LD_RUNPATH_SEARCH_PATHS = (
					"$(inherited)",
					"@executable_path/Frameworks",
					"@loader_path/Frameworks",
				);
				PRODUCT_BUNDLE_IDENTIFIER = "com.offensively-bad.NShapeSetsTests";
				PRODUCT_NAME = "$(TARGET_NAME)";
				SWIFT_VERSION = 5.0;
				TARGETED_DEVICE_FAMILY = "1,2";
				TEST_HOST = "$(BUILT_PRODUCTS_DIR)/NShapeSets.app/NShapeSets";
			};
			name = Debug;
		};
		29C956482393042800373031 /* Release */ = {
			isa = XCBuildConfiguration;
			buildSettings = {
				ALWAYS_EMBED_SWIFT_STANDARD_LIBRARIES = YES;
				BUNDLE_LOADER = "$(TEST_HOST)";
				CODE_SIGN_STYLE = Automatic;
				DEVELOPMENT_TEAM = EWH85CQYYJ;
				INFOPLIST_FILE = NShapeSetsTests/Info.plist;
				IPHONEOS_DEPLOYMENT_TARGET = 13.2;
				LD_RUNPATH_SEARCH_PATHS = (
					"$(inherited)",
					"@executable_path/Frameworks",
					"@loader_path/Frameworks",
				);
				PRODUCT_BUNDLE_IDENTIFIER = "com.offensively-bad.NShapeSetsTests";
				PRODUCT_NAME = "$(TARGET_NAME)";
				SWIFT_VERSION = 5.0;
				TARGETED_DEVICE_FAMILY = "1,2";
				TEST_HOST = "$(BUILT_PRODUCTS_DIR)/NShapeSets.app/NShapeSets";
			};
			name = Release;
		};
		29C9564A2393042800373031 /* Debug */ = {
			isa = XCBuildConfiguration;
			buildSettings = {
				ALWAYS_EMBED_SWIFT_STANDARD_LIBRARIES = YES;
				CODE_SIGN_STYLE = Automatic;
				DEVELOPMENT_TEAM = EWH85CQYYJ;
				INFOPLIST_FILE = NShapeSetsUITests/Info.plist;
				LD_RUNPATH_SEARCH_PATHS = (
					"$(inherited)",
					"@executable_path/Frameworks",
					"@loader_path/Frameworks",
				);
				PRODUCT_BUNDLE_IDENTIFIER = "com.offensively-bad.NShapeSetsUITests";
				PRODUCT_NAME = "$(TARGET_NAME)";
				SWIFT_VERSION = 5.0;
				TARGETED_DEVICE_FAMILY = "1,2";
				TEST_TARGET_NAME = NShapeSets;
			};
			name = Debug;
		};
		29C9564B2393042800373031 /* Release */ = {
			isa = XCBuildConfiguration;
			buildSettings = {
				ALWAYS_EMBED_SWIFT_STANDARD_LIBRARIES = YES;
				CODE_SIGN_STYLE = Automatic;
				DEVELOPMENT_TEAM = EWH85CQYYJ;
				INFOPLIST_FILE = NShapeSetsUITests/Info.plist;
				LD_RUNPATH_SEARCH_PATHS = (
					"$(inherited)",
					"@executable_path/Frameworks",
					"@loader_path/Frameworks",
				);
				PRODUCT_BUNDLE_IDENTIFIER = "com.offensively-bad.NShapeSetsUITests";
				PRODUCT_NAME = "$(TARGET_NAME)";
				SWIFT_VERSION = 5.0;
				TARGETED_DEVICE_FAMILY = "1,2";
				TEST_TARGET_NAME = NShapeSets;
			};
			name = Release;
		};
/* End XCBuildConfiguration section */

/* Begin XCConfigurationList section */
		29201F1423988F610016DF8C /* Build configuration list for PBXNativeTarget "WatchNShapeSets WatchKit Extension" */ = {
			isa = XCConfigurationList;
			buildConfigurations = (
				29201F1223988F610016DF8C /* Debug */,
				29201F1323988F610016DF8C /* Release */,
			);
			defaultConfigurationIsVisible = 0;
			defaultConfigurationName = Release;
		};
		29201F1523988F610016DF8C /* Build configuration list for PBXNativeTarget "WatchNShapeSets WatchKit App" */ = {
			isa = XCConfigurationList;
			buildConfigurations = (
				29201F0F23988F610016DF8C /* Debug */,
				29201F1023988F610016DF8C /* Release */,
			);
			defaultConfigurationIsVisible = 0;
			defaultConfigurationName = Release;
		};
		29201F1623988F610016DF8C /* Build configuration list for PBXNativeTarget "WatchNShapeSets" */ = {
			isa = XCConfigurationList;
			buildConfigurations = (
				29201F0C23988F610016DF8C /* Debug */,
				29201F0D23988F610016DF8C /* Release */,
			);
			defaultConfigurationIsVisible = 0;
			defaultConfigurationName = Release;
		};
		29C956142393042500373031 /* Build configuration list for PBXProject "NShapeSets" */ = {
			isa = XCConfigurationList;
			buildConfigurations = (
				29C956412393042800373031 /* Debug */,
				29C956422393042800373031 /* Release */,
			);
			defaultConfigurationIsVisible = 0;
			defaultConfigurationName = Release;
		};
		29C956432393042800373031 /* Build configuration list for PBXNativeTarget "NShapeSets" */ = {
			isa = XCConfigurationList;
			buildConfigurations = (
				29C956442393042800373031 /* Debug */,
				29C956452393042800373031 /* Release */,
			);
			defaultConfigurationIsVisible = 0;
			defaultConfigurationName = Release;
		};
		29C956462393042800373031 /* Build configuration list for PBXNativeTarget "NShapeSetsTests" */ = {
			isa = XCConfigurationList;
			buildConfigurations = (
				29C956472393042800373031 /* Debug */,
				29C956482393042800373031 /* Release */,
			);
			defaultConfigurationIsVisible = 0;
			defaultConfigurationName = Release;
		};
		29C956492393042800373031 /* Build configuration list for PBXNativeTarget "NShapeSetsUITests" */ = {
			isa = XCConfigurationList;
			buildConfigurations = (
				29C9564A2393042800373031 /* Debug */,
				29C9564B2393042800373031 /* Release */,
			);
			defaultConfigurationIsVisible = 0;
			defaultConfigurationName = Release;
		};
/* End XCConfigurationList section */
	};
	rootObject = 29C956112393042500373031 /* Project object */;
}
